
Microsoft Visual Studio Solution File, Format Version 12.00
# Visual Studio 2013
VisualStudioVersion = 12.0.31101.0
MinimumVisualStudioVersion = 10.0.40219.1
Project("{FAE04EC0-301F-11D3-BF4B-00C04F79EFBC}") = "decode01", "decode01\decode01\decode01.csproj", "{3458DF73-B354-4E38-A8F9-275E7966AD44}"
EndProject
Project("{FAE04EC0-301F-11D3-BF4B-00C04F79EFBC}") = "decode01.iOS", "decode01\decode01.iOS\decode01.iOS.csproj", "{977253E1-40EF-48E3-913E-F0557ACF58D9}"
EndProject
Project("{FAE04EC0-301F-11D3-BF4B-00C04F79EFBC}") = "decode01.Droid", "decode01\decode01.Droid\decode01.Droid.csproj", "{42D179F8-EECB-4D39-A2AB-4ABB0D961221}"
EndProject
Project("{FAE04EC0-301F-11D3-BF4B-00C04F79EFBC}") = "decode01.WinPhone", "decode01\decode01.WinPhone\decode01.WinPhone.csproj", "{960A32BD-F114-4BC1-A30F-4947A7FEB719}"
EndProject
Project("{2150E333-8FDC-42A3-9474-1A3956D46DE8}") = ".nuget", ".nuget", "{89087CD2-742B-489C-A599-61CC9658479C}"
	ProjectSection(SolutionItems) = preProject
		.nuget\NuGet.Config = .nuget\NuGet.Config
		.nuget\NuGet.exe = .nuget\NuGet.exe
		.nuget\NuGet.targets = .nuget\NuGet.targets
	EndProjectSection
EndProject
Global
	GlobalSection(SolutionConfigurationPlatforms) = preSolution
		Ad-Hoc|Any CPU = Ad-Hoc|Any CPU
		Ad-Hoc|ARM = Ad-Hoc|ARM
		Ad-Hoc|iPhone = Ad-Hoc|iPhone
		Ad-Hoc|iPhoneSimulator = Ad-Hoc|iPhoneSimulator
		Ad-Hoc|Mixed Platforms = Ad-Hoc|Mixed Platforms
		Ad-Hoc|x86 = Ad-Hoc|x86
		AppStore|Any CPU = AppStore|Any CPU
		AppStore|ARM = AppStore|ARM
		AppStore|iPhone = AppStore|iPhone
		AppStore|iPhoneSimulator = AppStore|iPhoneSimulator
		AppStore|Mixed Platforms = AppStore|Mixed Platforms
		AppStore|x86 = AppStore|x86
		Debug|Any CPU = Debug|Any CPU
		Debug|ARM = Debug|ARM
		Debug|iPhone = Debug|iPhone
		Debug|iPhoneSimulator = Debug|iPhoneSimulator
		Debug|Mixed Platforms = Debug|Mixed Platforms
		Debug|x86 = Debug|x86
		Release|Any CPU = Release|Any CPU
		Release|ARM = Release|ARM
		Release|iPhone = Release|iPhone
		Release|iPhoneSimulator = Release|iPhoneSimulator
		Release|Mixed Platforms = Release|Mixed Platforms
		Release|x86 = Release|x86
	EndGlobalSection
	GlobalSection(ProjectConfigurationPlatforms) = postSolution
		{3458DF73-B354-4E38-A8F9-275E7966AD44}.Ad-Hoc|Any CPU.ActiveCfg = Release|Any CPU
		{3458DF73-B354-4E38-A8F9-275E7966AD44}.Ad-Hoc|Any CPU.Build.0 = Release|Any CPU
		{3458DF73-B354-4E38-A8F9-275E7966AD44}.Ad-Hoc|ARM.ActiveCfg = Release|Any CPU
		{3458DF73-B354-4E38-A8F9-275E7966AD44}.Ad-Hoc|iPhone.ActiveCfg = Release|Any CPU
		{3458DF73-B354-4E38-A8F9-275E7966AD44}.Ad-Hoc|iPhoneSimulator.ActiveCfg = Release|Any CPU
		{3458DF73-B354-4E38-A8F9-275E7966AD44}.Ad-Hoc|Mixed Platforms.ActiveCfg = Release|Any CPU
		{3458DF73-B354-4E38-A8F9-275E7966AD44}.Ad-Hoc|Mixed Platforms.Build.0 = Release|Any CPU
		{3458DF73-B354-4E38-A8F9-275E7966AD44}.Ad-Hoc|x86.ActiveCfg = Release|Any CPU
		{3458DF73-B354-4E38-A8F9-275E7966AD44}.AppStore|Any CPU.ActiveCfg = Release|Any CPU
		{3458DF73-B354-4E38-A8F9-275E7966AD44}.AppStore|Any CPU.Build.0 = Release|Any CPU
		{3458DF73-B354-4E38-A8F9-275E7966AD44}.AppStore|ARM.ActiveCfg = Release|Any CPU
		{3458DF73-B354-4E38-A8F9-275E7966AD44}.AppStore|iPhone.ActiveCfg = Release|Any CPU
		{3458DF73-B354-4E38-A8F9-275E7966AD44}.AppStore|iPhoneSimulator.ActiveCfg = Release|Any CPU
		{3458DF73-B354-4E38-A8F9-275E7966AD44}.AppStore|Mixed Platforms.ActiveCfg = Release|Any CPU
		{3458DF73-B354-4E38-A8F9-275E7966AD44}.AppStore|Mixed Platforms.Build.0 = Release|Any CPU
		{3458DF73-B354-4E38-A8F9-275E7966AD44}.AppStore|x86.ActiveCfg = Release|Any CPU
		{3458DF73-B354-4E38-A8F9-275E7966AD44}.Debug|Any CPU.ActiveCfg = Debug|Any CPU
		{3458DF73-B354-4E38-A8F9-275E7966AD44}.Debug|Any CPU.Build.0 = Debug|Any CPU
		{3458DF73-B354-4E38-A8F9-275E7966AD44}.Debug|ARM.ActiveCfg = Debug|Any CPU
		{3458DF73-B354-4E38-A8F9-275E7966AD44}.Debug|iPhone.ActiveCfg = Debug|Any CPU
		{3458DF73-B354-4E38-A8F9-275E7966AD44}.Debug|iPhone.Build.0 = Debug|Any CPU
		{3458DF73-B354-4E38-A8F9-275E7966AD44}.Debug|iPhoneSimulator.ActiveCfg = Debug|Any CPU
		{3458DF73-B354-4E38-A8F9-275E7966AD44}.Debug|iPhoneSimulator.Build.0 = Debug|Any CPU
		{3458DF73-B354-4E38-A8F9-275E7966AD44}.Debug|Mixed Platforms.ActiveCfg = Debug|Any CPU
		{3458DF73-B354-4E38-A8F9-275E7966AD44}.Debug|Mixed Platforms.Build.0 = Debug|Any CPU
		{3458DF73-B354-4E38-A8F9-275E7966AD44}.Debug|x86.ActiveCfg = Debug|Any CPU
		{3458DF73-B354-4E38-A8F9-275E7966AD44}.Release|Any CPU.ActiveCfg = Release|Any CPU
		{3458DF73-B354-4E38-A8F9-275E7966AD44}.Release|Any CPU.Build.0 = Release|Any CPU
		{3458DF73-B354-4E38-A8F9-275E7966AD44}.Release|ARM.ActiveCfg = Release|Any CPU
		{3458DF73-B354-4E38-A8F9-275E7966AD44}.Release|iPhone.ActiveCfg = Release|Any CPU
		{3458DF73-B354-4E38-A8F9-275E7966AD44}.Release|iPhoneSimulator.ActiveCfg = Release|Any CPU
		{3458DF73-B354-4E38-A8F9-275E7966AD44}.Release|Mixed Platforms.ActiveCfg = Release|Any CPU
		{3458DF73-B354-4E38-A8F9-275E7966AD44}.Release|Mixed Platforms.Build.0 = Release|Any CPU
		{3458DF73-B354-4E38-A8F9-275E7966AD44}.Release|x86.ActiveCfg = Release|Any CPU
		{977253E1-40EF-48E3-913E-F0557ACF58D9}.Ad-Hoc|Any CPU.ActiveCfg = Ad-Hoc|iPhone
		{977253E1-40EF-48E3-913E-F0557ACF58D9}.Ad-Hoc|ARM.ActiveCfg = Ad-Hoc|iPhone
		{977253E1-40EF-48E3-913E-F0557ACF58D9}.Ad-Hoc|iPhone.ActiveCfg = Ad-Hoc|iPhone
		{977253E1-40EF-48E3-913E-F0557ACF58D9}.Ad-Hoc|iPhone.Build.0 = Ad-Hoc|iPhone
		{977253E1-40EF-48E3-913E-F0557ACF58D9}.Ad-Hoc|iPhoneSimulator.ActiveCfg = Ad-Hoc|iPhoneSimulator
		{977253E1-40EF-48E3-913E-F0557ACF58D9}.Ad-Hoc|iPhoneSimulator.Build.0 = Ad-Hoc|iPhoneSimulator
		{977253E1-40EF-48E3-913E-F0557ACF58D9}.Ad-Hoc|Mixed Platforms.ActiveCfg = Ad-Hoc|iPhone
		{977253E1-40EF-48E3-913E-F0557ACF58D9}.Ad-Hoc|Mixed Platforms.Build.0 = Ad-Hoc|iPhone
		{977253E1-40EF-48E3-913E-F0557ACF58D9}.Ad-Hoc|x86.ActiveCfg = Ad-Hoc|iPhone
		{977253E1-40EF-48E3-913E-F0557ACF58D9}.AppStore|Any CPU.ActiveCfg = AppStore|iPhone
		{977253E1-40EF-48E3-913E-F0557ACF58D9}.AppStore|ARM.ActiveCfg = AppStore|iPhone
		{977253E1-40EF-48E3-913E-F0557ACF58D9}.AppStore|iPhone.ActiveCfg = AppStore|iPhone
		{977253E1-40EF-48E3-913E-F0557ACF58D9}.AppStore|iPhone.Build.0 = AppStore|iPhone
		{977253E1-40EF-48E3-913E-F0557ACF58D9}.AppStore|iPhoneSimulator.ActiveCfg = AppStore|iPhoneSimulator
		{977253E1-40EF-48E3-913E-F0557ACF58D9}.AppStore|iPhoneSimulator.Build.0 = AppStore|iPhoneSimulator
		{977253E1-40EF-48E3-913E-F0557ACF58D9}.AppStore|Mixed Platforms.ActiveCfg = AppStore|iPhone
		{977253E1-40EF-48E3-913E-F0557ACF58D9}.AppStore|Mixed Platforms.Build.0 = AppStore|iPhone
		{977253E1-40EF-48E3-913E-F0557ACF58D9}.AppStore|x86.ActiveCfg = AppStore|iPhone
		{977253E1-40EF-48E3-913E-F0557ACF58D9}.Debug|Any CPU.ActiveCfg = Debug|iPhone
		{977253E1-40EF-48E3-913E-F0557ACF58D9}.Debug|ARM.ActiveCfg = Debug|iPhone
		{977253E1-40EF-48E3-913E-F0557ACF58D9}.Debug|iPhone.ActiveCfg = Debug|iPhone
		{977253E1-40EF-48E3-913E-F0557ACF58D9}.Debug|iPhone.Build.0 = Debug|iPhone
		{977253E1-40EF-48E3-913E-F0557ACF58D9}.Debug|iPhoneSimulator.ActiveCfg = Debug|iPhoneSimulator
		{977253E1-40EF-48E3-913E-F0557ACF58D9}.Debug|iPhoneSimulator.Build.0 = Debug|iPhoneSimulator
		{977253E1-40EF-48E3-913E-F0557ACF58D9}.Debug|Mixed Platforms.ActiveCfg = Debug|iPhone
		{977253E1-40EF-48E3-913E-F0557ACF58D9}.Debug|Mixed Platforms.Build.0 = Debug|iPhone
		{977253E1-40EF-48E3-913E-F0557ACF58D9}.Debug|x86.ActiveCfg = Debug|iPhone
		{977253E1-40EF-48E3-913E-F0557ACF58D9}.Release|Any CPU.ActiveCfg = Release|iPhone
		{977253E1-40EF-48E3-913E-F0557ACF58D9}.Release|ARM.ActiveCfg = Release|iPhone
		{977253E1-40EF-48E3-913E-F0557ACF58D9}.Release|iPhone.ActiveCfg = Release|iPhone
		{977253E1-40EF-48E3-913E-F0557ACF58D9}.Release|iPhone.Build.0 = Release|iPhone
		{977253E1-40EF-48E3-913E-F0557ACF58D9}.Release|iPhoneSimulator.ActiveCfg = Release|iPhoneSimulator
		{977253E1-40EF-48E3-913E-F0557ACF58D9}.Release|iPhoneSimulator.Build.0 = Release|iPhoneSimulator
		{977253E1-40EF-48E3-913E-F0557ACF58D9}.Release|Mixed Platforms.ActiveCfg = Release|iPhone
		{977253E1-40EF-48E3-913E-F0557ACF58D9}.Release|Mixed Platforms.Build.0 = Release|iPhone
		{977253E1-40EF-48E3-913E-F0557ACF58D9}.Release|x86.ActiveCfg = Release|iPhone
		{42D179F8-EECB-4D39-A2AB-4ABB0D961221}.Ad-Hoc|Any CPU.ActiveCfg = Release|Any CPU
		{42D179F8-EECB-4D39-A2AB-4ABB0D961221}.Ad-Hoc|Any CPU.Build.0 = Release|Any CPU
		{42D179F8-EECB-4D39-A2AB-4ABB0D961221}.Ad-Hoc|Any CPU.Deploy.0 = Release|Any CPU
		{42D179F8-EECB-4D39-A2AB-4ABB0D961221}.Ad-Hoc|ARM.ActiveCfg = Release|Any CPU
		{42D179F8-EECB-4D39-A2AB-4ABB0D961221}.Ad-Hoc|iPhone.ActiveCfg = Release|Any CPU
		{42D179F8-EECB-4D39-A2AB-4ABB0D961221}.Ad-Hoc|iPhoneSimulator.ActiveCfg = Release|Any CPU
		{42D179F8-EECB-4D39-A2AB-4ABB0D961221}.Ad-Hoc|Mixed Platforms.ActiveCfg = Release|Any CPU
		{42D179F8-EECB-4D39-A2AB-4ABB0D961221}.Ad-Hoc|Mixed Platforms.Build.0 = Release|Any CPU
		{42D179F8-EECB-4D39-A2AB-4ABB0D961221}.Ad-Hoc|Mixed Platforms.Deploy.0 = Release|Any CPU
		{42D179F8-EECB-4D39-A2AB-4ABB0D961221}.Ad-Hoc|x86.ActiveCfg = Release|Any CPU
		{42D179F8-EECB-4D39-A2AB-4ABB0D961221}.AppStore|Any CPU.ActiveCfg = Release|Any CPU
		{42D179F8-EECB-4D39-A2AB-4ABB0D961221}.AppStore|Any CPU.Build.0 = Release|Any CPU
		{42D179F8-EECB-4D39-A2AB-4ABB0D961221}.AppStore|Any CPU.Deploy.0 = Release|Any CPU
		{42D179F8-EECB-4D39-A2AB-4ABB0D961221}.AppStore|ARM.ActiveCfg = Release|Any CPU
		{42D179F8-EECB-4D39-A2AB-4ABB0D961221}.AppStore|iPhone.ActiveCfg = Release|Any CPU
		{42D179F8-EECB-4D39-A2AB-4ABB0D961221}.AppStore|iPhoneSimulator.ActiveCfg = Release|Any CPU
		{42D179F8-EECB-4D39-A2AB-4ABB0D961221}.AppStore|Mixed Platforms.ActiveCfg = Release|Any CPU
		{42D179F8-EECB-4D39-A2AB-4ABB0D961221}.AppStore|Mixed Platforms.Build.0 = Release|Any CPU
		{42D179F8-EECB-4D39-A2AB-4ABB0D961221}.AppStore|Mixed Platforms.Deploy.0 = Release|Any CPU
		{42D179F8-EECB-4D39-A2AB-4ABB0D961221}.AppStore|x86.ActiveCfg = Release|Any CPU
		{42D179F8-EECB-4D39-A2AB-4ABB0D961221}.Debug|Any CPU.ActiveCfg = Debug|Any CPU
		{42D179F8-EECB-4D39-A2AB-4ABB0D961221}.Debug|Any CPU.Build.0 = Debug|Any CPU
		{42D179F8-EECB-4D39-A2AB-4ABB0D961221}.Debug|Any CPU.Deploy.0 = Debug|Any CPU
		{42D179F8-EECB-4D39-A2AB-4ABB0D961221}.Debug|ARM.ActiveCfg = Debug|Any CPU
		{42D179F8-EECB-4D39-A2AB-4ABB0D961221}.Debug|iPhone.ActiveCfg = Debug|Any CPU
		{42D179F8-EECB-4D39-A2AB-4ABB0D961221}.Debug|iPhoneSimulator.ActiveCfg = Debug|Any CPU
		{42D179F8-EECB-4D39-A2AB-4ABB0D961221}.Debug|iPhoneSimulator.Build.0 = Debug|Any CPU
		{42D179F8-EECB-4D39-A2AB-4ABB0D961221}.Debug|Mixed Platforms.ActiveCfg = Debug|Any CPU
		{42D179F8-EECB-4D39-A2AB-4ABB0D961221}.Debug|Mixed Platforms.Build.0 = Debug|Any CPU
		{42D179F8-EECB-4D39-A2AB-4ABB0D961221}.Debug|Mixed Platforms.Deploy.0 = Debug|Any CPU
		{42D179F8-EECB-4D39-A2AB-4ABB0D961221}.Debug|x86.ActiveCfg = Debug|Any CPU
		{42D179F8-EECB-4D39-A2AB-4ABB0D961221}.Release|Any CPU.ActiveCfg = Release|Any CPU
		{42D179F8-EECB-4D39-A2AB-4ABB0D961221}.Release|Any CPU.Build.0 = Release|Any CPU
		{42D179F8-EECB-4D39-A2AB-4ABB0D961221}.Release|Any CPU.Deploy.0 = Release|Any CPU
		{42D179F8-EECB-4D39-A2AB-4ABB0D961221}.Release|ARM.ActiveCfg = Release|Any CPU
		{42D179F8-EECB-4D39-A2AB-4ABB0D961221}.Release|iPhone.ActiveCfg = Release|Any CPU
		{42D179F8-EECB-4D39-A2AB-4ABB0D961221}.Release|iPhoneSimulator.ActiveCfg = Release|Any CPU
		{42D179F8-EECB-4D39-A2AB-4ABB0D961221}.Release|Mixed Platforms.ActiveCfg = Release|Any CPU
		{42D179F8-EECB-4D39-A2AB-4ABB0D961221}.Release|Mixed Platforms.Build.0 = Release|Any CPU
		{42D179F8-EECB-4D39-A2AB-4ABB0D961221}.Release|Mixed Platforms.Deploy.0 = Release|Any CPU
		{42D179F8-EECB-4D39-A2AB-4ABB0D961221}.Release|x86.ActiveCfg = Release|Any CPU
		{960A32BD-F114-4BC1-A30F-4947A7FEB719}.Ad-Hoc|Any CPU.ActiveCfg = Release|Any CPU
		{960A32BD-F114-4BC1-A30F-4947A7FEB719}.Ad-Hoc|Any CPU.Build.0 = Release|Any CPU
		{960A32BD-F114-4BC1-A30F-4947A7FEB719}.Ad-Hoc|Any CPU.Deploy.0 = Release|Any CPU
		{960A32BD-F114-4BC1-A30F-4947A7FEB719}.Ad-Hoc|ARM.ActiveCfg = Release|ARM
		{960A32BD-F114-4BC1-A30F-4947A7FEB719}.Ad-Hoc|ARM.Build.0 = Release|ARM
		{960A32BD-F114-4BC1-A30F-4947A7FEB719}.Ad-Hoc|ARM.Deploy.0 = Release|ARM
		{960A32BD-F114-4BC1-A30F-4947A7FEB719}.Ad-Hoc|iPhone.ActiveCfg = Release|Any CPU
		{960A32BD-F114-4BC1-A30F-4947A7FEB719}.Ad-Hoc|iPhoneSimulator.ActiveCfg = Release|Any CPU
		{960A32BD-F114-4BC1-A30F-4947A7FEB719}.Ad-Hoc|Mixed Platforms.ActiveCfg = Release|x86
		{960A32BD-F114-4BC1-A30F-4947A7FEB719}.Ad-Hoc|Mixed Platforms.Build.0 = Release|x86
		{960A32BD-F114-4BC1-A30F-4947A7FEB719}.Ad-Hoc|Mixed Platforms.Deploy.0 = Release|x86
		{960A32BD-F114-4BC1-A30F-4947A7FEB719}.Ad-Hoc|x86.ActiveCfg = Release|x86
		{960A32BD-F114-4BC1-A30F-4947A7FEB719}.Ad-Hoc|x86.Build.0 = Release|x86
		{960A32BD-F114-4BC1-A30F-4947A7FEB719}.Ad-Hoc|x86.Deploy.0 = Release|x86
		{960A32BD-F114-4BC1-A30F-4947A7FEB719}.AppStore|Any CPU.ActiveCfg = Release|Any CPU
		{960A32BD-F114-4BC1-A30F-4947A7FEB719}.AppStore|Any CPU.Build.0 = Release|Any CPU
		{960A32BD-F114-4BC1-A30F-4947A7FEB719}.AppStore|Any CPU.Deploy.0 = Release|Any CPU
		{960A32BD-F114-4BC1-A30F-4947A7FEB719}.AppStore|ARM.ActiveCfg = Release|ARM
		{960A32BD-F114-4BC1-A30F-4947A7FEB719}.AppStore|ARM.Build.0 = Release|ARM
		{960A32BD-F114-4BC1-A30F-4947A7FEB719}.AppStore|ARM.Deploy.0 = Release|ARM
		{960A32BD-F114-4BC1-A30F-4947A7FEB719}.AppStore|iPhone.ActiveCfg = Release|Any CPU
		{960A32BD-F114-4BC1-A30F-4947A7FEB719}.AppStore|iPhoneSimulator.ActiveCfg = Release|Any CPU
		{960A32BD-F114-4BC1-A30F-4947A7FEB719}.AppStore|Mixed Platforms.ActiveCfg = Release|x86
		{960A32BD-F114-4BC1-A30F-4947A7FEB719}.AppStore|Mixed Platforms.Build.0 = Release|x86
		{960A32BD-F114-4BC1-A30F-4947A7FEB719}.AppStore|Mixed Platforms.Deploy.0 = Release|x86
		{960A32BD-F114-4BC1-A30F-4947A7FEB719}.AppStore|x86.ActiveCfg = Release|x86
		{960A32BD-F114-4BC1-A30F-4947A7FEB719}.AppStore|x86.Build.0 = Release|x86
		{960A32BD-F114-4BC1-A30F-4947A7FEB719}.AppStore|x86.Deploy.0 = Release|x86
		{960A32BD-F114-4BC1-A30F-4947A7FEB719}.Debug|Any CPU.ActiveCfg = Debug|Any CPU
		{960A32BD-F114-4BC1-A30F-4947A7FEB719}.Debug|Any CPU.Build.0 = Debug|Any CPU
		{960A32BD-F114-4BC1-A30F-4947A7FEB719}.Debug|Any CPU.Deploy.0 = Debug|Any CPU
		{960A32BD-F114-4BC1-A30F-4947A7FEB719}.Debug|ARM.ActiveCfg = Debug|ARM
		{960A32BD-F114-4BC1-A30F-4947A7FEB719}.Debug|ARM.Build.0 = Debug|ARM
		{960A32BD-F114-4BC1-A30F-4947A7FEB719}.Debug|ARM.Deploy.0 = Debug|ARM
		{960A32BD-F114-4BC1-A30F-4947A7FEB719}.Debug|iPhone.ActiveCfg = Debug|Any CPU
		{960A32BD-F114-4BC1-A30F-4947A7FEB719}.Debug|iPhoneSimulator.ActiveCfg = Debug|Any CPU
		{960A32BD-F114-4BC1-A30F-4947A7FEB719}.Debug|iPhoneSimulator.Build.0 = Debug|Any CPU
		{960A32BD-F114-4BC1-A30F-4947A7FEB719}.Debug|Mixed Platforms.ActiveCfg = Debug|x86
		{960A32BD-F114-4BC1-A30F-4947A7FEB719}.Debug|Mixed Platforms.Build.0 = Debug|x86
		{960A32BD-F114-4BC1-A30F-4947A7FEB719}.Debug|Mixed Platforms.Deploy.0 = Debug|x86
		{960A32BD-F114-4BC1-A30F-4947A7FEB719}.Debug|x86.ActiveCfg = Debug|x86
		{960A32BD-F114-4BC1-A30F-4947A7FEB719}.Debug|x86.Build.0 = Debug|x86
		{960A32BD-F114-4BC1-A30F-4947A7FEB719}.Debug|x86.Deploy.0 = Debug|x86
		{960A32BD-F114-4BC1-A30F-4947A7FEB719}.Release|Any CPU.ActiveCfg = Release|Any CPU
		{960A32BD-F114-4BC1-A30F-4947A7FEB719}.Release|Any CPU.Build.0 = Release|Any CPU
		{960A32BD-F114-4BC1-A30F-4947A7FEB719}.Release|Any CPU.Deploy.0 = Release|Any CPU
		{960A32BD-F114-4BC1-A30F-4947A7FEB719}.Release|ARM.ActiveCfg = Release|ARM
		{960A32BD-F114-4BC1-A30F-4947A7FEB719}.Release|ARM.Build.0 = Release|ARM
		{960A32BD-F114-4BC1-A30F-4947A7FEB719}.Release|ARM.Deploy.0 = Release|ARM
		{960A32BD-F114-4BC1-A30F-4947A7FEB719}.Release|iPhone.ActiveCfg = Release|Any CPU
		{960A32BD-F114-4BC1-A30F-4947A7FEB719}.Release|iPhoneSimulator.ActiveCfg = Release|Any CPU
		{960A32BD-F114-4BC1-A30F-4947A7FEB719}.Release|Mixed Platforms.ActiveCfg = Release|x86
		{960A32BD-F114-4BC1-A30F-4947A7FEB719}.Release|Mixed Platforms.Build.0 = Release|x86
		{960A32BD-F114-4BC1-A30F-4947A7FEB719}.Release|Mixed Platforms.Deploy.0 = Release|x86
		{960A32BD-F114-4BC1-A30F-4947A7FEB719}.Release|x86.ActiveCfg = Release|x86
		{960A32BD-F114-4BC1-A30F-4947A7FEB719}.Release|x86.Build.0 = Release|x86
		{960A32BD-F114-4BC1-A30F-4947A7FEB719}.Release|x86.Deploy.0 = Release|x86
	EndGlobalSection
	GlobalSection(SolutionProperties) = preSolution
		HideSolutionNode = FALSE
	EndGlobalSection
EndGlobal
