
Microsoft Visual Studio Solution File, Format Version 12.00
# Visual Studio 14
VisualStudioVersion = 14.0.23107.0
MinimumVisualStudioVersion = 10.0.40219.1
Project("{FAE04EC0-301F-11D3-BF4B-00C04F79EFBC}") = "Phoneword_Droid", "Phoneword_Droid\Phoneword_Droid.csproj", "{A1D13914-D27E-4903-B01C-CB558516201F}"
EndProject
Project("{FAE04EC0-301F-11D3-BF4B-00C04F79EFBC}") = "Translator", "Translator\Translator.csproj", "{D3D70AC4-B653-4646-AACE-9C129074E4D8}"
EndProject
Project("{FAE04EC0-301F-11D3-BF4B-00C04F79EFBC}") = "Phoneword_iOS", "Phoneword_iOS\Phoneword_iOS.csproj", "{FF980F86-2CF0-424A-9367-2C31114F9812}"
EndProject
Project("{2150E333-8FDC-42A3-9474-1A3956D46DE8}") = "Xamarin.Forms", "Xamarin.Forms", "{A69880A4-4BEE-4337-A791-EC0A09F6CE06}"
EndProject
Project("{FAE04EC0-301F-11D3-BF4B-00C04F79EFBC}") = "XF_Phoneword", "XF_Phoneword\XF_Phoneword\XF_Phoneword.csproj", "{D54C47D6-B9B3-4476-8F25-9374F329D4E7}"
EndProject
Project("{FAE04EC0-301F-11D3-BF4B-00C04F79EFBC}") = "XF_Phoneword.iOS", "XF_Phoneword\XF_Phoneword.iOS\XF_Phoneword.iOS.csproj", "{B9176111-4ADF-43F1-8C0E-EFC27DBC2546}"
EndProject
Project("{FAE04EC0-301F-11D3-BF4B-00C04F79EFBC}") = "XF_Phoneword.Droid", "XF_Phoneword\XF_Phoneword.Droid\XF_Phoneword.Droid.csproj", "{92B3B5F5-B544-4D75-A75B-A88E7DBA944B}"
EndProject
Project("{FAE04EC0-301F-11D3-BF4B-00C04F79EFBC}") = "XF_Phoneword.WinPhone", "XF_Phoneword\XF_Phoneword.WinPhone\XF_Phoneword.WinPhone.csproj", "{3702AF6D-865A-49B3-8E42-B9A330C6376A}"
EndProject
Project("{FAE04EC0-301F-11D3-BF4B-00C04F79EFBC}") = "Phoneword_Wpf", "Phoneword_Wpf\Phoneword_Wpf.csproj", "{5C2002A5-481A-4B45-A519-6DDFD84C24DD}"
EndProject
Global
	GlobalSection(SolutionConfigurationPlatforms) = preSolution
		Ad-Hoc|Any CPU = Ad-Hoc|Any CPU
		Ad-Hoc|ARM = Ad-Hoc|ARM
		Ad-Hoc|iPhone = Ad-Hoc|iPhone
		Ad-Hoc|iPhoneSimulator = Ad-Hoc|iPhoneSimulator
		Ad-Hoc|Mixed Platforms = Ad-Hoc|Mixed Platforms
		Ad-Hoc|x86 = Ad-Hoc|x86
		AppStore|Any CPU = AppStore|Any CPU
		AppStore|ARM = AppStore|ARM
		AppStore|iPhone = AppStore|iPhone
		AppStore|iPhoneSimulator = AppStore|iPhoneSimulator
		AppStore|Mixed Platforms = AppStore|Mixed Platforms
		AppStore|x86 = AppStore|x86
		Debug|Any CPU = Debug|Any CPU
		Debug|ARM = Debug|ARM
		Debug|iPhone = Debug|iPhone
		Debug|iPhoneSimulator = Debug|iPhoneSimulator
		Debug|Mixed Platforms = Debug|Mixed Platforms
		Debug|x86 = Debug|x86
		Release|Any CPU = Release|Any CPU
		Release|ARM = Release|ARM
		Release|iPhone = Release|iPhone
		Release|iPhoneSimulator = Release|iPhoneSimulator
		Release|Mixed Platforms = Release|Mixed Platforms
		Release|x86 = Release|x86
	EndGlobalSection
	GlobalSection(ProjectConfigurationPlatforms) = postSolution
		{A1D13914-D27E-4903-B01C-CB558516201F}.Ad-Hoc|Any CPU.ActiveCfg = Release|Any CPU
		{A1D13914-D27E-4903-B01C-CB558516201F}.Ad-Hoc|Any CPU.Build.0 = Release|Any CPU
		{A1D13914-D27E-4903-B01C-CB558516201F}.Ad-Hoc|Any CPU.Deploy.0 = Release|Any CPU
		{A1D13914-D27E-4903-B01C-CB558516201F}.Ad-Hoc|ARM.ActiveCfg = Release|Any CPU
		{A1D13914-D27E-4903-B01C-CB558516201F}.Ad-Hoc|iPhone.ActiveCfg = Release|Any CPU
		{A1D13914-D27E-4903-B01C-CB558516201F}.Ad-Hoc|iPhoneSimulator.ActiveCfg = Release|Any CPU
		{A1D13914-D27E-4903-B01C-CB558516201F}.Ad-Hoc|Mixed Platforms.ActiveCfg = Release|Any CPU
		{A1D13914-D27E-4903-B01C-CB558516201F}.Ad-Hoc|Mixed Platforms.Build.0 = Release|Any CPU
		{A1D13914-D27E-4903-B01C-CB558516201F}.Ad-Hoc|Mixed Platforms.Deploy.0 = Release|Any CPU
		{A1D13914-D27E-4903-B01C-CB558516201F}.Ad-Hoc|x86.ActiveCfg = Release|Any CPU
		{A1D13914-D27E-4903-B01C-CB558516201F}.AppStore|Any CPU.ActiveCfg = Release|Any CPU
		{A1D13914-D27E-4903-B01C-CB558516201F}.AppStore|Any CPU.Build.0 = Release|Any CPU
		{A1D13914-D27E-4903-B01C-CB558516201F}.AppStore|Any CPU.Deploy.0 = Release|Any CPU
		{A1D13914-D27E-4903-B01C-CB558516201F}.AppStore|ARM.ActiveCfg = Release|Any CPU
		{A1D13914-D27E-4903-B01C-CB558516201F}.AppStore|iPhone.ActiveCfg = Release|Any CPU
		{A1D13914-D27E-4903-B01C-CB558516201F}.AppStore|iPhoneSimulator.ActiveCfg = Release|Any CPU
		{A1D13914-D27E-4903-B01C-CB558516201F}.AppStore|Mixed Platforms.ActiveCfg = Release|Any CPU
		{A1D13914-D27E-4903-B01C-CB558516201F}.AppStore|Mixed Platforms.Build.0 = Release|Any CPU
		{A1D13914-D27E-4903-B01C-CB558516201F}.AppStore|Mixed Platforms.Deploy.0 = Release|Any CPU
		{A1D13914-D27E-4903-B01C-CB558516201F}.AppStore|x86.ActiveCfg = Release|Any CPU
		{A1D13914-D27E-4903-B01C-CB558516201F}.Debug|Any CPU.ActiveCfg = Debug|Any CPU
		{A1D13914-D27E-4903-B01C-CB558516201F}.Debug|Any CPU.Build.0 = Debug|Any CPU
		{A1D13914-D27E-4903-B01C-CB558516201F}.Debug|Any CPU.Deploy.0 = Debug|Any CPU
		{A1D13914-D27E-4903-B01C-CB558516201F}.Debug|ARM.ActiveCfg = Debug|Any CPU
		{A1D13914-D27E-4903-B01C-CB558516201F}.Debug|iPhone.ActiveCfg = Debug|Any CPU
		{A1D13914-D27E-4903-B01C-CB558516201F}.Debug|iPhoneSimulator.ActiveCfg = Debug|Any CPU
		{A1D13914-D27E-4903-B01C-CB558516201F}.Debug|Mixed Platforms.ActiveCfg = Debug|Any CPU
		{A1D13914-D27E-4903-B01C-CB558516201F}.Debug|Mixed Platforms.Build.0 = Debug|Any CPU
		{A1D13914-D27E-4903-B01C-CB558516201F}.Debug|Mixed Platforms.Deploy.0 = Debug|Any CPU
		{A1D13914-D27E-4903-B01C-CB558516201F}.Debug|x86.ActiveCfg = Debug|Any CPU
		{A1D13914-D27E-4903-B01C-CB558516201F}.Release|Any CPU.ActiveCfg = Release|Any CPU
		{A1D13914-D27E-4903-B01C-CB558516201F}.Release|Any CPU.Build.0 = Release|Any CPU
		{A1D13914-D27E-4903-B01C-CB558516201F}.Release|Any CPU.Deploy.0 = Release|Any CPU
		{A1D13914-D27E-4903-B01C-CB558516201F}.Release|ARM.ActiveCfg = Release|Any CPU
		{A1D13914-D27E-4903-B01C-CB558516201F}.Release|iPhone.ActiveCfg = Release|Any CPU
		{A1D13914-D27E-4903-B01C-CB558516201F}.Release|iPhone.Build.0 = Release|Any CPU
		{A1D13914-D27E-4903-B01C-CB558516201F}.Release|iPhoneSimulator.ActiveCfg = Release|Any CPU
		{A1D13914-D27E-4903-B01C-CB558516201F}.Release|iPhoneSimulator.Build.0 = Release|Any CPU
		{A1D13914-D27E-4903-B01C-CB558516201F}.Release|Mixed Platforms.ActiveCfg = Release|Any CPU
		{A1D13914-D27E-4903-B01C-CB558516201F}.Release|Mixed Platforms.Build.0 = Release|Any CPU
		{A1D13914-D27E-4903-B01C-CB558516201F}.Release|Mixed Platforms.Deploy.0 = Release|Any CPU
		{A1D13914-D27E-4903-B01C-CB558516201F}.Release|x86.ActiveCfg = Release|Any CPU
		{D3D70AC4-B653-4646-AACE-9C129074E4D8}.Ad-Hoc|Any CPU.ActiveCfg = Release|Any CPU
		{D3D70AC4-B653-4646-AACE-9C129074E4D8}.Ad-Hoc|Any CPU.Build.0 = Release|Any CPU
		{D3D70AC4-B653-4646-AACE-9C129074E4D8}.Ad-Hoc|ARM.ActiveCfg = Release|Any CPU
		{D3D70AC4-B653-4646-AACE-9C129074E4D8}.Ad-Hoc|iPhone.ActiveCfg = Release|Any CPU
		{D3D70AC4-B653-4646-AACE-9C129074E4D8}.Ad-Hoc|iPhoneSimulator.ActiveCfg = Release|Any CPU
		{D3D70AC4-B653-4646-AACE-9C129074E4D8}.Ad-Hoc|Mixed Platforms.ActiveCfg = Release|Any CPU
		{D3D70AC4-B653-4646-AACE-9C129074E4D8}.Ad-Hoc|Mixed Platforms.Build.0 = Release|Any CPU
		{D3D70AC4-B653-4646-AACE-9C129074E4D8}.Ad-Hoc|x86.ActiveCfg = Release|Any CPU
		{D3D70AC4-B653-4646-AACE-9C129074E4D8}.AppStore|Any CPU.ActiveCfg = Release|Any CPU
		{D3D70AC4-B653-4646-AACE-9C129074E4D8}.AppStore|Any CPU.Build.0 = Release|Any CPU
		{D3D70AC4-B653-4646-AACE-9C129074E4D8}.AppStore|ARM.ActiveCfg = Release|Any CPU
		{D3D70AC4-B653-4646-AACE-9C129074E4D8}.AppStore|iPhone.ActiveCfg = Release|Any CPU
		{D3D70AC4-B653-4646-AACE-9C129074E4D8}.AppStore|iPhoneSimulator.ActiveCfg = Release|Any CPU
		{D3D70AC4-B653-4646-AACE-9C129074E4D8}.AppStore|Mixed Platforms.ActiveCfg = Release|Any CPU
		{D3D70AC4-B653-4646-AACE-9C129074E4D8}.AppStore|Mixed Platforms.Build.0 = Release|Any CPU
		{D3D70AC4-B653-4646-AACE-9C129074E4D8}.AppStore|x86.ActiveCfg = Release|Any CPU
		{D3D70AC4-B653-4646-AACE-9C129074E4D8}.Debug|Any CPU.ActiveCfg = Debug|Any CPU
		{D3D70AC4-B653-4646-AACE-9C129074E4D8}.Debug|Any CPU.Build.0 = Debug|Any CPU
		{D3D70AC4-B653-4646-AACE-9C129074E4D8}.Debug|ARM.ActiveCfg = Debug|Any CPU
		{D3D70AC4-B653-4646-AACE-9C129074E4D8}.Debug|iPhone.ActiveCfg = Debug|Any CPU
		{D3D70AC4-B653-4646-AACE-9C129074E4D8}.Debug|iPhoneSimulator.ActiveCfg = Debug|Any CPU
		{D3D70AC4-B653-4646-AACE-9C129074E4D8}.Debug|Mixed Platforms.ActiveCfg = Debug|Any CPU
		{D3D70AC4-B653-4646-AACE-9C129074E4D8}.Debug|Mixed Platforms.Build.0 = Debug|Any CPU
		{D3D70AC4-B653-4646-AACE-9C129074E4D8}.Debug|x86.ActiveCfg = Debug|Any CPU
		{D3D70AC4-B653-4646-AACE-9C129074E4D8}.Release|Any CPU.ActiveCfg = Release|Any CPU
		{D3D70AC4-B653-4646-AACE-9C129074E4D8}.Release|Any CPU.Build.0 = Release|Any CPU
		{D3D70AC4-B653-4646-AACE-9C129074E4D8}.Release|ARM.ActiveCfg = Release|Any CPU
		{D3D70AC4-B653-4646-AACE-9C129074E4D8}.Release|iPhone.ActiveCfg = Release|Any CPU
		{D3D70AC4-B653-4646-AACE-9C129074E4D8}.Release|iPhone.Build.0 = Release|Any CPU
		{D3D70AC4-B653-4646-AACE-9C129074E4D8}.Release|iPhoneSimulator.ActiveCfg = Release|Any CPU
		{D3D70AC4-B653-4646-AACE-9C129074E4D8}.Release|iPhoneSimulator.Build.0 = Release|Any CPU
		{D3D70AC4-B653-4646-AACE-9C129074E4D8}.Release|Mixed Platforms.ActiveCfg = Release|Any CPU
		{D3D70AC4-B653-4646-AACE-9C129074E4D8}.Release|Mixed Platforms.Build.0 = Release|Any CPU
		{D3D70AC4-B653-4646-AACE-9C129074E4D8}.Release|x86.ActiveCfg = Release|Any CPU
		{FF980F86-2CF0-424A-9367-2C31114F9812}.Ad-Hoc|Any CPU.ActiveCfg = Release|iPhoneSimulator
		{FF980F86-2CF0-424A-9367-2C31114F9812}.Ad-Hoc|ARM.ActiveCfg = Release|iPhoneSimulator
		{FF980F86-2CF0-424A-9367-2C31114F9812}.Ad-Hoc|iPhone.ActiveCfg = Release|iPhone
		{FF980F86-2CF0-424A-9367-2C31114F9812}.Ad-Hoc|iPhone.Build.0 = Release|iPhone
		{FF980F86-2CF0-424A-9367-2C31114F9812}.Ad-Hoc|iPhoneSimulator.ActiveCfg = Release|iPhoneSimulator
		{FF980F86-2CF0-424A-9367-2C31114F9812}.Ad-Hoc|iPhoneSimulator.Build.0 = Release|iPhoneSimulator
		{FF980F86-2CF0-424A-9367-2C31114F9812}.Ad-Hoc|Mixed Platforms.ActiveCfg = Release|iPhoneSimulator
		{FF980F86-2CF0-424A-9367-2C31114F9812}.Ad-Hoc|Mixed Platforms.Build.0 = Release|iPhoneSimulator
		{FF980F86-2CF0-424A-9367-2C31114F9812}.Ad-Hoc|x86.ActiveCfg = Release|iPhoneSimulator
		{FF980F86-2CF0-424A-9367-2C31114F9812}.AppStore|Any CPU.ActiveCfg = Release|iPhoneSimulator
		{FF980F86-2CF0-424A-9367-2C31114F9812}.AppStore|ARM.ActiveCfg = Release|iPhoneSimulator
		{FF980F86-2CF0-424A-9367-2C31114F9812}.AppStore|iPhone.ActiveCfg = Release|iPhone
		{FF980F86-2CF0-424A-9367-2C31114F9812}.AppStore|iPhone.Build.0 = Release|iPhone
		{FF980F86-2CF0-424A-9367-2C31114F9812}.AppStore|iPhoneSimulator.ActiveCfg = Release|iPhoneSimulator
		{FF980F86-2CF0-424A-9367-2C31114F9812}.AppStore|iPhoneSimulator.Build.0 = Release|iPhoneSimulator
		{FF980F86-2CF0-424A-9367-2C31114F9812}.AppStore|Mixed Platforms.ActiveCfg = Release|iPhoneSimulator
		{FF980F86-2CF0-424A-9367-2C31114F9812}.AppStore|Mixed Platforms.Build.0 = Release|iPhoneSimulator
		{FF980F86-2CF0-424A-9367-2C31114F9812}.AppStore|x86.ActiveCfg = Release|iPhoneSimulator
		{FF980F86-2CF0-424A-9367-2C31114F9812}.Debug|Any CPU.ActiveCfg = Debug|iPhone
		{FF980F86-2CF0-424A-9367-2C31114F9812}.Debug|ARM.ActiveCfg = Debug|iPhone
		{FF980F86-2CF0-424A-9367-2C31114F9812}.Debug|iPhone.ActiveCfg = Debug|iPhone
		{FF980F86-2CF0-424A-9367-2C31114F9812}.Debug|iPhone.Build.0 = Debug|iPhone
		{FF980F86-2CF0-424A-9367-2C31114F9812}.Debug|iPhoneSimulator.ActiveCfg = Debug|iPhoneSimulator
		{FF980F86-2CF0-424A-9367-2C31114F9812}.Debug|iPhoneSimulator.Build.0 = Debug|iPhoneSimulator
		{FF980F86-2CF0-424A-9367-2C31114F9812}.Debug|Mixed Platforms.ActiveCfg = Debug|iPhone
		{FF980F86-2CF0-424A-9367-2C31114F9812}.Debug|Mixed Platforms.Build.0 = Debug|iPhone
		{FF980F86-2CF0-424A-9367-2C31114F9812}.Debug|x86.ActiveCfg = Debug|iPhone
		{FF980F86-2CF0-424A-9367-2C31114F9812}.Release|Any CPU.ActiveCfg = Release|iPhone
		{FF980F86-2CF0-424A-9367-2C31114F9812}.Release|Any CPU.Build.0 = Release|iPhone
		{FF980F86-2CF0-424A-9367-2C31114F9812}.Release|ARM.ActiveCfg = Release|iPhoneSimulator
		{FF980F86-2CF0-424A-9367-2C31114F9812}.Release|iPhone.ActiveCfg = Release|iPhone
		{FF980F86-2CF0-424A-9367-2C31114F9812}.Release|iPhone.Build.0 = Release|iPhone
		{FF980F86-2CF0-424A-9367-2C31114F9812}.Release|iPhoneSimulator.ActiveCfg = Release|iPhoneSimulator
		{FF980F86-2CF0-424A-9367-2C31114F9812}.Release|iPhoneSimulator.Build.0 = Release|iPhoneSimulator
		{FF980F86-2CF0-424A-9367-2C31114F9812}.Release|Mixed Platforms.ActiveCfg = Release|iPhoneSimulator
		{FF980F86-2CF0-424A-9367-2C31114F9812}.Release|Mixed Platforms.Build.0 = Release|iPhoneSimulator
		{FF980F86-2CF0-424A-9367-2C31114F9812}.Release|x86.ActiveCfg = Release|iPhoneSimulator
		{D54C47D6-B9B3-4476-8F25-9374F329D4E7}.Ad-Hoc|Any CPU.ActiveCfg = Release|Any CPU
		{D54C47D6-B9B3-4476-8F25-9374F329D4E7}.Ad-Hoc|Any CPU.Build.0 = Release|Any CPU
		{D54C47D6-B9B3-4476-8F25-9374F329D4E7}.Ad-Hoc|ARM.ActiveCfg = Release|Any CPU
		{D54C47D6-B9B3-4476-8F25-9374F329D4E7}.Ad-Hoc|iPhone.ActiveCfg = Release|Any CPU
		{D54C47D6-B9B3-4476-8F25-9374F329D4E7}.Ad-Hoc|iPhoneSimulator.ActiveCfg = Release|Any CPU
		{D54C47D6-B9B3-4476-8F25-9374F329D4E7}.Ad-Hoc|Mixed Platforms.ActiveCfg = Release|Any CPU
		{D54C47D6-B9B3-4476-8F25-9374F329D4E7}.Ad-Hoc|Mixed Platforms.Build.0 = Release|Any CPU
		{D54C47D6-B9B3-4476-8F25-9374F329D4E7}.Ad-Hoc|x86.ActiveCfg = Release|Any CPU
		{D54C47D6-B9B3-4476-8F25-9374F329D4E7}.AppStore|Any CPU.ActiveCfg = Release|Any CPU
		{D54C47D6-B9B3-4476-8F25-9374F329D4E7}.AppStore|Any CPU.Build.0 = Release|Any CPU
		{D54C47D6-B9B3-4476-8F25-9374F329D4E7}.AppStore|ARM.ActiveCfg = Release|Any CPU
		{D54C47D6-B9B3-4476-8F25-9374F329D4E7}.AppStore|iPhone.ActiveCfg = Release|Any CPU
		{D54C47D6-B9B3-4476-8F25-9374F329D4E7}.AppStore|iPhoneSimulator.ActiveCfg = Release|Any CPU
		{D54C47D6-B9B3-4476-8F25-9374F329D4E7}.AppStore|Mixed Platforms.ActiveCfg = Release|Any CPU
		{D54C47D6-B9B3-4476-8F25-9374F329D4E7}.AppStore|Mixed Platforms.Build.0 = Release|Any CPU
		{D54C47D6-B9B3-4476-8F25-9374F329D4E7}.AppStore|x86.ActiveCfg = Release|Any CPU
		{D54C47D6-B9B3-4476-8F25-9374F329D4E7}.Debug|Any CPU.ActiveCfg = Debug|Any CPU
		{D54C47D6-B9B3-4476-8F25-9374F329D4E7}.Debug|Any CPU.Build.0 = Debug|Any CPU
		{D54C47D6-B9B3-4476-8F25-9374F329D4E7}.Debug|ARM.ActiveCfg = Debug|Any CPU
		{D54C47D6-B9B3-4476-8F25-9374F329D4E7}.Debug|iPhone.ActiveCfg = Debug|Any CPU
		{D54C47D6-B9B3-4476-8F25-9374F329D4E7}.Debug|iPhone.Build.0 = Debug|Any CPU
		{D54C47D6-B9B3-4476-8F25-9374F329D4E7}.Debug|iPhoneSimulator.ActiveCfg = Debug|Any CPU
		{D54C47D6-B9B3-4476-8F25-9374F329D4E7}.Debug|iPhoneSimulator.Build.0 = Debug|Any CPU
		{D54C47D6-B9B3-4476-8F25-9374F329D4E7}.Debug|Mixed Platforms.ActiveCfg = Debug|Any CPU
		{D54C47D6-B9B3-4476-8F25-9374F329D4E7}.Debug|Mixed Platforms.Build.0 = Debug|Any CPU
		{D54C47D6-B9B3-4476-8F25-9374F329D4E7}.Debug|x86.ActiveCfg = Debug|Any CPU
		{D54C47D6-B9B3-4476-8F25-9374F329D4E7}.Release|Any CPU.ActiveCfg = Release|Any CPU
		{D54C47D6-B9B3-4476-8F25-9374F329D4E7}.Release|Any CPU.Build.0 = Release|Any CPU
		{D54C47D6-B9B3-4476-8F25-9374F329D4E7}.Release|ARM.ActiveCfg = Release|Any CPU
		{D54C47D6-B9B3-4476-8F25-9374F329D4E7}.Release|iPhone.ActiveCfg = Release|Any CPU
		{D54C47D6-B9B3-4476-8F25-9374F329D4E7}.Release|iPhoneSimulator.ActiveCfg = Release|Any CPU
		{D54C47D6-B9B3-4476-8F25-9374F329D4E7}.Release|Mixed Platforms.ActiveCfg = Release|Any CPU
		{D54C47D6-B9B3-4476-8F25-9374F329D4E7}.Release|Mixed Platforms.Build.0 = Release|Any CPU
		{D54C47D6-B9B3-4476-8F25-9374F329D4E7}.Release|x86.ActiveCfg = Release|Any CPU
		{B9176111-4ADF-43F1-8C0E-EFC27DBC2546}.Ad-Hoc|Any CPU.ActiveCfg = Ad-Hoc|iPhone
		{B9176111-4ADF-43F1-8C0E-EFC27DBC2546}.Ad-Hoc|ARM.ActiveCfg = Ad-Hoc|iPhone
		{B9176111-4ADF-43F1-8C0E-EFC27DBC2546}.Ad-Hoc|iPhone.ActiveCfg = Ad-Hoc|iPhone
		{B9176111-4ADF-43F1-8C0E-EFC27DBC2546}.Ad-Hoc|iPhone.Build.0 = Ad-Hoc|iPhone
		{B9176111-4ADF-43F1-8C0E-EFC27DBC2546}.Ad-Hoc|iPhoneSimulator.ActiveCfg = Ad-Hoc|iPhoneSimulator
		{B9176111-4ADF-43F1-8C0E-EFC27DBC2546}.Ad-Hoc|iPhoneSimulator.Build.0 = Ad-Hoc|iPhoneSimulator
		{B9176111-4ADF-43F1-8C0E-EFC27DBC2546}.Ad-Hoc|Mixed Platforms.ActiveCfg = Ad-Hoc|iPhone
		{B9176111-4ADF-43F1-8C0E-EFC27DBC2546}.Ad-Hoc|Mixed Platforms.Build.0 = Ad-Hoc|iPhone
		{B9176111-4ADF-43F1-8C0E-EFC27DBC2546}.Ad-Hoc|x86.ActiveCfg = Ad-Hoc|iPhone
		{B9176111-4ADF-43F1-8C0E-EFC27DBC2546}.AppStore|Any CPU.ActiveCfg = AppStore|iPhone
		{B9176111-4ADF-43F1-8C0E-EFC27DBC2546}.AppStore|ARM.ActiveCfg = AppStore|iPhone
		{B9176111-4ADF-43F1-8C0E-EFC27DBC2546}.AppStore|iPhone.ActiveCfg = AppStore|iPhone
		{B9176111-4ADF-43F1-8C0E-EFC27DBC2546}.AppStore|iPhone.Build.0 = AppStore|iPhone
		{B9176111-4ADF-43F1-8C0E-EFC27DBC2546}.AppStore|iPhoneSimulator.ActiveCfg = AppStore|iPhoneSimulator
		{B9176111-4ADF-43F1-8C0E-EFC27DBC2546}.AppStore|iPhoneSimulator.Build.0 = AppStore|iPhoneSimulator
		{B9176111-4ADF-43F1-8C0E-EFC27DBC2546}.AppStore|Mixed Platforms.ActiveCfg = AppStore|iPhone
		{B9176111-4ADF-43F1-8C0E-EFC27DBC2546}.AppStore|Mixed Platforms.Build.0 = AppStore|iPhone
		{B9176111-4ADF-43F1-8C0E-EFC27DBC2546}.AppStore|x86.ActiveCfg = AppStore|iPhone
		{B9176111-4ADF-43F1-8C0E-EFC27DBC2546}.Debug|Any CPU.ActiveCfg = Debug|iPhone
		{B9176111-4ADF-43F1-8C0E-EFC27DBC2546}.Debug|ARM.ActiveCfg = Debug|iPhone
		{B9176111-4ADF-43F1-8C0E-EFC27DBC2546}.Debug|iPhone.ActiveCfg = Debug|iPhone
		{B9176111-4ADF-43F1-8C0E-EFC27DBC2546}.Debug|iPhone.Build.0 = Debug|iPhone
		{B9176111-4ADF-43F1-8C0E-EFC27DBC2546}.Debug|iPhoneSimulator.ActiveCfg = Debug|iPhoneSimulator
		{B9176111-4ADF-43F1-8C0E-EFC27DBC2546}.Debug|iPhoneSimulator.Build.0 = Debug|iPhoneSimulator
		{B9176111-4ADF-43F1-8C0E-EFC27DBC2546}.Debug|Mixed Platforms.ActiveCfg = Debug|iPhone
		{B9176111-4ADF-43F1-8C0E-EFC27DBC2546}.Debug|Mixed Platforms.Build.0 = Debug|iPhone
		{B9176111-4ADF-43F1-8C0E-EFC27DBC2546}.Debug|x86.ActiveCfg = Debug|iPhone
		{B9176111-4ADF-43F1-8C0E-EFC27DBC2546}.Release|Any CPU.ActiveCfg = Release|iPhone
		{B9176111-4ADF-43F1-8C0E-EFC27DBC2546}.Release|ARM.ActiveCfg = Release|iPhone
		{B9176111-4ADF-43F1-8C0E-EFC27DBC2546}.Release|iPhone.ActiveCfg = Release|iPhone
		{B9176111-4ADF-43F1-8C0E-EFC27DBC2546}.Release|iPhone.Build.0 = Release|iPhone
		{B9176111-4ADF-43F1-8C0E-EFC27DBC2546}.Release|iPhoneSimulator.ActiveCfg = Release|iPhoneSimulator
		{B9176111-4ADF-43F1-8C0E-EFC27DBC2546}.Release|iPhoneSimulator.Build.0 = Release|iPhoneSimulator
		{B9176111-4ADF-43F1-8C0E-EFC27DBC2546}.Release|Mixed Platforms.ActiveCfg = Release|iPhone
		{B9176111-4ADF-43F1-8C0E-EFC27DBC2546}.Release|Mixed Platforms.Build.0 = Release|iPhone
		{B9176111-4ADF-43F1-8C0E-EFC27DBC2546}.Release|x86.ActiveCfg = Release|iPhone
		{92B3B5F5-B544-4D75-A75B-A88E7DBA944B}.Ad-Hoc|Any CPU.ActiveCfg = Release|Any CPU
		{92B3B5F5-B544-4D75-A75B-A88E7DBA944B}.Ad-Hoc|Any CPU.Build.0 = Release|Any CPU
		{92B3B5F5-B544-4D75-A75B-A88E7DBA944B}.Ad-Hoc|Any CPU.Deploy.0 = Release|Any CPU
		{92B3B5F5-B544-4D75-A75B-A88E7DBA944B}.Ad-Hoc|ARM.ActiveCfg = Release|Any CPU
		{92B3B5F5-B544-4D75-A75B-A88E7DBA944B}.Ad-Hoc|iPhone.ActiveCfg = Release|Any CPU
		{92B3B5F5-B544-4D75-A75B-A88E7DBA944B}.Ad-Hoc|iPhoneSimulator.ActiveCfg = Release|Any CPU
		{92B3B5F5-B544-4D75-A75B-A88E7DBA944B}.Ad-Hoc|Mixed Platforms.ActiveCfg = Release|Any CPU
		{92B3B5F5-B544-4D75-A75B-A88E7DBA944B}.Ad-Hoc|Mixed Platforms.Build.0 = Release|Any CPU
		{92B3B5F5-B544-4D75-A75B-A88E7DBA944B}.Ad-Hoc|Mixed Platforms.Deploy.0 = Release|Any CPU
		{92B3B5F5-B544-4D75-A75B-A88E7DBA944B}.Ad-Hoc|x86.ActiveCfg = Release|Any CPU
		{92B3B5F5-B544-4D75-A75B-A88E7DBA944B}.AppStore|Any CPU.ActiveCfg = Release|Any CPU
		{92B3B5F5-B544-4D75-A75B-A88E7DBA944B}.AppStore|Any CPU.Build.0 = Release|Any CPU
		{92B3B5F5-B544-4D75-A75B-A88E7DBA944B}.AppStore|Any CPU.Deploy.0 = Release|Any CPU
		{92B3B5F5-B544-4D75-A75B-A88E7DBA944B}.AppStore|ARM.ActiveCfg = Release|Any CPU
		{92B3B5F5-B544-4D75-A75B-A88E7DBA944B}.AppStore|iPhone.ActiveCfg = Release|Any CPU
		{92B3B5F5-B544-4D75-A75B-A88E7DBA944B}.AppStore|iPhoneSimulator.ActiveCfg = Release|Any CPU
		{92B3B5F5-B544-4D75-A75B-A88E7DBA944B}.AppStore|Mixed Platforms.ActiveCfg = Release|Any CPU
		{92B3B5F5-B544-4D75-A75B-A88E7DBA944B}.AppStore|Mixed Platforms.Build.0 = Release|Any CPU
		{92B3B5F5-B544-4D75-A75B-A88E7DBA944B}.AppStore|Mixed Platforms.Deploy.0 = Release|Any CPU
		{92B3B5F5-B544-4D75-A75B-A88E7DBA944B}.AppStore|x86.ActiveCfg = Release|Any CPU
		{92B3B5F5-B544-4D75-A75B-A88E7DBA944B}.Debug|Any CPU.ActiveCfg = Debug|Any CPU
		{92B3B5F5-B544-4D75-A75B-A88E7DBA944B}.Debug|Any CPU.Build.0 = Debug|Any CPU
		{92B3B5F5-B544-4D75-A75B-A88E7DBA944B}.Debug|Any CPU.Deploy.0 = Debug|Any CPU
		{92B3B5F5-B544-4D75-A75B-A88E7DBA944B}.Debug|ARM.ActiveCfg = Debug|Any CPU
		{92B3B5F5-B544-4D75-A75B-A88E7DBA944B}.Debug|iPhone.ActiveCfg = Debug|Any CPU
		{92B3B5F5-B544-4D75-A75B-A88E7DBA944B}.Debug|iPhoneSimulator.ActiveCfg = Debug|Any CPU
		{92B3B5F5-B544-4D75-A75B-A88E7DBA944B}.Debug|Mixed Platforms.ActiveCfg = Debug|Any CPU
		{92B3B5F5-B544-4D75-A75B-A88E7DBA944B}.Debug|Mixed Platforms.Build.0 = Debug|Any CPU
		{92B3B5F5-B544-4D75-A75B-A88E7DBA944B}.Debug|Mixed Platforms.Deploy.0 = Debug|Any CPU
		{92B3B5F5-B544-4D75-A75B-A88E7DBA944B}.Debug|x86.ActiveCfg = Debug|Any CPU
		{92B3B5F5-B544-4D75-A75B-A88E7DBA944B}.Release|Any CPU.ActiveCfg = Release|Any CPU
		{92B3B5F5-B544-4D75-A75B-A88E7DBA944B}.Release|Any CPU.Build.0 = Release|Any CPU
		{92B3B5F5-B544-4D75-A75B-A88E7DBA944B}.Release|Any CPU.Deploy.0 = Release|Any CPU
		{92B3B5F5-B544-4D75-A75B-A88E7DBA944B}.Release|ARM.ActiveCfg = Release|Any CPU
		{92B3B5F5-B544-4D75-A75B-A88E7DBA944B}.Release|iPhone.ActiveCfg = Release|Any CPU
		{92B3B5F5-B544-4D75-A75B-A88E7DBA944B}.Release|iPhoneSimulator.ActiveCfg = Release|Any CPU
		{92B3B5F5-B544-4D75-A75B-A88E7DBA944B}.Release|Mixed Platforms.ActiveCfg = Release|Any CPU
		{92B3B5F5-B544-4D75-A75B-A88E7DBA944B}.Release|Mixed Platforms.Build.0 = Release|Any CPU
		{92B3B5F5-B544-4D75-A75B-A88E7DBA944B}.Release|Mixed Platforms.Deploy.0 = Release|Any CPU
		{92B3B5F5-B544-4D75-A75B-A88E7DBA944B}.Release|x86.ActiveCfg = Release|Any CPU
		{3702AF6D-865A-49B3-8E42-B9A330C6376A}.Ad-Hoc|Any CPU.ActiveCfg = Release|Any CPU
		{3702AF6D-865A-49B3-8E42-B9A330C6376A}.Ad-Hoc|Any CPU.Build.0 = Release|Any CPU
		{3702AF6D-865A-49B3-8E42-B9A330C6376A}.Ad-Hoc|Any CPU.Deploy.0 = Release|Any CPU
		{3702AF6D-865A-49B3-8E42-B9A330C6376A}.Ad-Hoc|ARM.ActiveCfg = Release|ARM
		{3702AF6D-865A-49B3-8E42-B9A330C6376A}.Ad-Hoc|ARM.Build.0 = Release|ARM
		{3702AF6D-865A-49B3-8E42-B9A330C6376A}.Ad-Hoc|ARM.Deploy.0 = Release|ARM
		{3702AF6D-865A-49B3-8E42-B9A330C6376A}.Ad-Hoc|iPhone.ActiveCfg = Release|Any CPU
		{3702AF6D-865A-49B3-8E42-B9A330C6376A}.Ad-Hoc|iPhoneSimulator.ActiveCfg = Release|Any CPU
		{3702AF6D-865A-49B3-8E42-B9A330C6376A}.Ad-Hoc|Mixed Platforms.ActiveCfg = Release|x86
		{3702AF6D-865A-49B3-8E42-B9A330C6376A}.Ad-Hoc|Mixed Platforms.Build.0 = Release|x86
		{3702AF6D-865A-49B3-8E42-B9A330C6376A}.Ad-Hoc|Mixed Platforms.Deploy.0 = Release|x86
		{3702AF6D-865A-49B3-8E42-B9A330C6376A}.Ad-Hoc|x86.ActiveCfg = Release|x86
		{3702AF6D-865A-49B3-8E42-B9A330C6376A}.Ad-Hoc|x86.Build.0 = Release|x86
		{3702AF6D-865A-49B3-8E42-B9A330C6376A}.Ad-Hoc|x86.Deploy.0 = Release|x86
		{3702AF6D-865A-49B3-8E42-B9A330C6376A}.AppStore|Any CPU.ActiveCfg = Release|Any CPU
		{3702AF6D-865A-49B3-8E42-B9A330C6376A}.AppStore|Any CPU.Build.0 = Release|Any CPU
		{3702AF6D-865A-49B3-8E42-B9A330C6376A}.AppStore|Any CPU.Deploy.0 = Release|Any CPU
		{3702AF6D-865A-49B3-8E42-B9A330C6376A}.AppStore|ARM.ActiveCfg = Release|ARM
		{3702AF6D-865A-49B3-8E42-B9A330C6376A}.AppStore|ARM.Build.0 = Release|ARM
		{3702AF6D-865A-49B3-8E42-B9A330C6376A}.AppStore|ARM.Deploy.0 = Release|ARM
		{3702AF6D-865A-49B3-8E42-B9A330C6376A}.AppStore|iPhone.ActiveCfg = Release|Any CPU
		{3702AF6D-865A-49B3-8E42-B9A330C6376A}.AppStore|iPhoneSimulator.ActiveCfg = Release|Any CPU
		{3702AF6D-865A-49B3-8E42-B9A330C6376A}.AppStore|Mixed Platforms.ActiveCfg = Release|x86
		{3702AF6D-865A-49B3-8E42-B9A330C6376A}.AppStore|Mixed Platforms.Build.0 = Release|x86
		{3702AF6D-865A-49B3-8E42-B9A330C6376A}.AppStore|Mixed Platforms.Deploy.0 = Release|x86
		{3702AF6D-865A-49B3-8E42-B9A330C6376A}.AppStore|x86.ActiveCfg = Release|x86
		{3702AF6D-865A-49B3-8E42-B9A330C6376A}.AppStore|x86.Build.0 = Release|x86
		{3702AF6D-865A-49B3-8E42-B9A330C6376A}.AppStore|x86.Deploy.0 = Release|x86
		{3702AF6D-865A-49B3-8E42-B9A330C6376A}.Debug|Any CPU.ActiveCfg = Debug|Any CPU
		{3702AF6D-865A-49B3-8E42-B9A330C6376A}.Debug|Any CPU.Build.0 = Debug|Any CPU
		{3702AF6D-865A-49B3-8E42-B9A330C6376A}.Debug|Any CPU.Deploy.0 = Debug|Any CPU
		{3702AF6D-865A-49B3-8E42-B9A330C6376A}.Debug|ARM.ActiveCfg = Debug|ARM
		{3702AF6D-865A-49B3-8E42-B9A330C6376A}.Debug|ARM.Build.0 = Debug|ARM
		{3702AF6D-865A-49B3-8E42-B9A330C6376A}.Debug|ARM.Deploy.0 = Debug|ARM
		{3702AF6D-865A-49B3-8E42-B9A330C6376A}.Debug|iPhone.ActiveCfg = Debug|Any CPU
		{3702AF6D-865A-49B3-8E42-B9A330C6376A}.Debug|iPhoneSimulator.ActiveCfg = Debug|Any CPU
		{3702AF6D-865A-49B3-8E42-B9A330C6376A}.Debug|Mixed Platforms.ActiveCfg = Debug|x86
		{3702AF6D-865A-49B3-8E42-B9A330C6376A}.Debug|Mixed Platforms.Build.0 = Debug|x86
		{3702AF6D-865A-49B3-8E42-B9A330C6376A}.Debug|Mixed Platforms.Deploy.0 = Debug|x86
		{3702AF6D-865A-49B3-8E42-B9A330C6376A}.Debug|x86.ActiveCfg = Debug|x86
		{3702AF6D-865A-49B3-8E42-B9A330C6376A}.Debug|x86.Build.0 = Debug|x86
		{3702AF6D-865A-49B3-8E42-B9A330C6376A}.Debug|x86.Deploy.0 = Debug|x86
		{3702AF6D-865A-49B3-8E42-B9A330C6376A}.Release|Any CPU.ActiveCfg = Release|Any CPU
		{3702AF6D-865A-49B3-8E42-B9A330C6376A}.Release|Any CPU.Build.0 = Release|Any CPU
		{3702AF6D-865A-49B3-8E42-B9A330C6376A}.Release|Any CPU.Deploy.0 = Release|Any CPU
		{3702AF6D-865A-49B3-8E42-B9A330C6376A}.Release|ARM.ActiveCfg = Release|ARM
		{3702AF6D-865A-49B3-8E42-B9A330C6376A}.Release|ARM.Build.0 = Release|ARM
		{3702AF6D-865A-49B3-8E42-B9A330C6376A}.Release|ARM.Deploy.0 = Release|ARM
		{3702AF6D-865A-49B3-8E42-B9A330C6376A}.Release|iPhone.ActiveCfg = Release|Any CPU
		{3702AF6D-865A-49B3-8E42-B9A330C6376A}.Release|iPhoneSimulator.ActiveCfg = Release|Any CPU
		{3702AF6D-865A-49B3-8E42-B9A330C6376A}.Release|Mixed Platforms.ActiveCfg = Release|x86
		{3702AF6D-865A-49B3-8E42-B9A330C6376A}.Release|Mixed Platforms.Build.0 = Release|x86
		{3702AF6D-865A-49B3-8E42-B9A330C6376A}.Release|Mixed Platforms.Deploy.0 = Release|x86
		{3702AF6D-865A-49B3-8E42-B9A330C6376A}.Release|x86.ActiveCfg = Release|x86
		{3702AF6D-865A-49B3-8E42-B9A330C6376A}.Release|x86.Build.0 = Release|x86
		{3702AF6D-865A-49B3-8E42-B9A330C6376A}.Release|x86.Deploy.0 = Release|x86
		{5C2002A5-481A-4B45-A519-6DDFD84C24DD}.Ad-Hoc|Any CPU.ActiveCfg = Release|Any CPU
		{5C2002A5-481A-4B45-A519-6DDFD84C24DD}.Ad-Hoc|Any CPU.Build.0 = Release|Any CPU
		{5C2002A5-481A-4B45-A519-6DDFD84C24DD}.Ad-Hoc|ARM.ActiveCfg = Release|Any CPU
		{5C2002A5-481A-4B45-A519-6DDFD84C24DD}.Ad-Hoc|ARM.Build.0 = Release|Any CPU
		{5C2002A5-481A-4B45-A519-6DDFD84C24DD}.Ad-Hoc|iPhone.ActiveCfg = Release|Any CPU
		{5C2002A5-481A-4B45-A519-6DDFD84C24DD}.Ad-Hoc|iPhone.Build.0 = Release|Any CPU
		{5C2002A5-481A-4B45-A519-6DDFD84C24DD}.Ad-Hoc|iPhoneSimulator.ActiveCfg = Release|Any CPU
		{5C2002A5-481A-4B45-A519-6DDFD84C24DD}.Ad-Hoc|iPhoneSimulator.Build.0 = Release|Any CPU
		{5C2002A5-481A-4B45-A519-6DDFD84C24DD}.Ad-Hoc|Mixed Platforms.ActiveCfg = Release|Any CPU
		{5C2002A5-481A-4B45-A519-6DDFD84C24DD}.Ad-Hoc|Mixed Platforms.Build.0 = Release|Any CPU
		{5C2002A5-481A-4B45-A519-6DDFD84C24DD}.Ad-Hoc|x86.ActiveCfg = Release|Any CPU
		{5C2002A5-481A-4B45-A519-6DDFD84C24DD}.Ad-Hoc|x86.Build.0 = Release|Any CPU
		{5C2002A5-481A-4B45-A519-6DDFD84C24DD}.AppStore|Any CPU.ActiveCfg = Release|Any CPU
		{5C2002A5-481A-4B45-A519-6DDFD84C24DD}.AppStore|Any CPU.Build.0 = Release|Any CPU
		{5C2002A5-481A-4B45-A519-6DDFD84C24DD}.AppStore|ARM.ActiveCfg = Release|Any CPU
		{5C2002A5-481A-4B45-A519-6DDFD84C24DD}.AppStore|ARM.Build.0 = Release|Any CPU
		{5C2002A5-481A-4B45-A519-6DDFD84C24DD}.AppStore|iPhone.ActiveCfg = Release|Any CPU
		{5C2002A5-481A-4B45-A519-6DDFD84C24DD}.AppStore|iPhone.Build.0 = Release|Any CPU
		{5C2002A5-481A-4B45-A519-6DDFD84C24DD}.AppStore|iPhoneSimulator.ActiveCfg = Release|Any CPU
		{5C2002A5-481A-4B45-A519-6DDFD84C24DD}.AppStore|iPhoneSimulator.Build.0 = Release|Any CPU
		{5C2002A5-481A-4B45-A519-6DDFD84C24DD}.AppStore|Mixed Platforms.ActiveCfg = Release|Any CPU
		{5C2002A5-481A-4B45-A519-6DDFD84C24DD}.AppStore|Mixed Platforms.Build.0 = Release|Any CPU
		{5C2002A5-481A-4B45-A519-6DDFD84C24DD}.AppStore|x86.ActiveCfg = Release|Any CPU
		{5C2002A5-481A-4B45-A519-6DDFD84C24DD}.AppStore|x86.Build.0 = Release|Any CPU
		{5C2002A5-481A-4B45-A519-6DDFD84C24DD}.Debug|Any CPU.ActiveCfg = Debug|Any CPU
		{5C2002A5-481A-4B45-A519-6DDFD84C24DD}.Debug|Any CPU.Build.0 = Debug|Any CPU
		{5C2002A5-481A-4B45-A519-6DDFD84C24DD}.Debug|ARM.ActiveCfg = Debug|Any CPU
		{5C2002A5-481A-4B45-A519-6DDFD84C24DD}.Debug|ARM.Build.0 = Debug|Any CPU
		{5C2002A5-481A-4B45-A519-6DDFD84C24DD}.Debug|iPhone.ActiveCfg = Debug|Any CPU
		{5C2002A5-481A-4B45-A519-6DDFD84C24DD}.Debug|iPhone.Build.0 = Debug|Any CPU
		{5C2002A5-481A-4B45-A519-6DDFD84C24DD}.Debug|iPhoneSimulator.ActiveCfg = Debug|Any CPU
		{5C2002A5-481A-4B45-A519-6DDFD84C24DD}.Debug|iPhoneSimulator.Build.0 = Debug|Any CPU
		{5C2002A5-481A-4B45-A519-6DDFD84C24DD}.Debug|Mixed Platforms.ActiveCfg = Debug|Any CPU
		{5C2002A5-481A-4B45-A519-6DDFD84C24DD}.Debug|Mixed Platforms.Build.0 = Debug|Any CPU
		{5C2002A5-481A-4B45-A519-6DDFD84C24DD}.Debug|x86.ActiveCfg = Debug|Any CPU
		{5C2002A5-481A-4B45-A519-6DDFD84C24DD}.Debug|x86.Build.0 = Debug|Any CPU
		{5C2002A5-481A-4B45-A519-6DDFD84C24DD}.Release|Any CPU.ActiveCfg = Release|Any CPU
		{5C2002A5-481A-4B45-A519-6DDFD84C24DD}.Release|Any CPU.Build.0 = Release|Any CPU
		{5C2002A5-481A-4B45-A519-6DDFD84C24DD}.Release|ARM.ActiveCfg = Release|Any CPU
		{5C2002A5-481A-4B45-A519-6DDFD84C24DD}.Release|ARM.Build.0 = Release|Any CPU
		{5C2002A5-481A-4B45-A519-6DDFD84C24DD}.Release|iPhone.ActiveCfg = Release|Any CPU
		{5C2002A5-481A-4B45-A519-6DDFD84C24DD}.Release|iPhone.Build.0 = Release|Any CPU
		{5C2002A5-481A-4B45-A519-6DDFD84C24DD}.Release|iPhoneSimulator.ActiveCfg = Release|Any CPU
		{5C2002A5-481A-4B45-A519-6DDFD84C24DD}.Release|iPhoneSimulator.Build.0 = Release|Any CPU
		{5C2002A5-481A-4B45-A519-6DDFD84C24DD}.Release|Mixed Platforms.ActiveCfg = Release|Any CPU
		{5C2002A5-481A-4B45-A519-6DDFD84C24DD}.Release|Mixed Platforms.Build.0 = Release|Any CPU
		{5C2002A5-481A-4B45-A519-6DDFD84C24DD}.Release|x86.ActiveCfg = Release|Any CPU
		{5C2002A5-481A-4B45-A519-6DDFD84C24DD}.Release|x86.Build.0 = Release|Any CPU
	EndGlobalSection
	GlobalSection(SolutionProperties) = preSolution
		HideSolutionNode = FALSE
	EndGlobalSection
	GlobalSection(NestedProjects) = preSolution
		{D54C47D6-B9B3-4476-8F25-9374F329D4E7} = {A69880A4-4BEE-4337-A791-EC0A09F6CE06}
		{B9176111-4ADF-43F1-8C0E-EFC27DBC2546} = {A69880A4-4BEE-4337-A791-EC0A09F6CE06}
		{92B3B5F5-B544-4D75-A75B-A88E7DBA944B} = {A69880A4-4BEE-4337-A791-EC0A09F6CE06}
		{3702AF6D-865A-49B3-8E42-B9A330C6376A} = {A69880A4-4BEE-4337-A791-EC0A09F6CE06}
	EndGlobalSection
EndGlobal
