
Microsoft Visual Studio Solution File, Format Version 12.00
# Visual Studio 2013
VisualStudioVersion = 12.0.31101.0
MinimumVisualStudioVersion = 10.0.40219.1
Project("{FAE04EC0-301F-11D3-BF4B-00C04F79EFBC}") = "decodeDemo", "decodeDemo\decodeDemo\decodeDemo.csproj", "{222CC8BF-6CEA-45C5-8005-3F33A2506A22}"
EndProject
Project("{FAE04EC0-301F-11D3-BF4B-00C04F79EFBC}") = "decodeDemo.iOS", "decodeDemo\decodeDemo.iOS\decodeDemo.iOS.csproj", "{7AF367C6-688E-47CF-9CE9-0D44B748C054}"
EndProject
Project("{FAE04EC0-301F-11D3-BF4B-00C04F79EFBC}") = "decodeDemo.Droid", "decodeDemo\decodeDemo.Droid\decodeDemo.Droid.csproj", "{39A1620B-E2ED-4F7E-8883-E54273035214}"
EndProject
Project("{FAE04EC0-301F-11D3-BF4B-00C04F79EFBC}") = "decodeDemo.WinPhone", "decodeDemo\decodeDemo.WinPhone\decodeDemo.WinPhone.csproj", "{4FBB9965-BAEE-48FA-AB20-6DE533355651}"
EndProject
Project("{FAE04EC0-301F-11D3-BF4B-00C04F79EFBC}") = "decodeDemo.Windows81", "decodeDemo\decodeDemo.Windows81\decodeDemo.Windows81.csproj", "{D9DFA702-7E07-4B1E-9178-EFCBC2C833F0}"
EndProject
Global
	GlobalSection(SolutionConfigurationPlatforms) = preSolution
		Ad-Hoc|Any CPU = Ad-Hoc|Any CPU
		Ad-Hoc|ARM = Ad-Hoc|ARM
		Ad-Hoc|iPhone = Ad-Hoc|iPhone
		Ad-Hoc|iPhoneSimulator = Ad-Hoc|iPhoneSimulator
		Ad-Hoc|Mixed Platforms = Ad-Hoc|Mixed Platforms
		Ad-Hoc|x64 = Ad-Hoc|x64
		Ad-Hoc|x86 = Ad-Hoc|x86
		AppStore|Any CPU = AppStore|Any CPU
		AppStore|ARM = AppStore|ARM
		AppStore|iPhone = AppStore|iPhone
		AppStore|iPhoneSimulator = AppStore|iPhoneSimulator
		AppStore|Mixed Platforms = AppStore|Mixed Platforms
		AppStore|x64 = AppStore|x64
		AppStore|x86 = AppStore|x86
		Debug|Any CPU = Debug|Any CPU
		Debug|ARM = Debug|ARM
		Debug|iPhone = Debug|iPhone
		Debug|iPhoneSimulator = Debug|iPhoneSimulator
		Debug|Mixed Platforms = Debug|Mixed Platforms
		Debug|x64 = Debug|x64
		Debug|x86 = Debug|x86
		Release|Any CPU = Release|Any CPU
		Release|ARM = Release|ARM
		Release|iPhone = Release|iPhone
		Release|iPhoneSimulator = Release|iPhoneSimulator
		Release|Mixed Platforms = Release|Mixed Platforms
		Release|x64 = Release|x64
		Release|x86 = Release|x86
	EndGlobalSection
	GlobalSection(ProjectConfigurationPlatforms) = postSolution
		{222CC8BF-6CEA-45C5-8005-3F33A2506A22}.Ad-Hoc|Any CPU.ActiveCfg = Release|Any CPU
		{222CC8BF-6CEA-45C5-8005-3F33A2506A22}.Ad-Hoc|Any CPU.Build.0 = Release|Any CPU
		{222CC8BF-6CEA-45C5-8005-3F33A2506A22}.Ad-Hoc|ARM.ActiveCfg = Release|Any CPU
		{222CC8BF-6CEA-45C5-8005-3F33A2506A22}.Ad-Hoc|iPhone.ActiveCfg = Release|Any CPU
		{222CC8BF-6CEA-45C5-8005-3F33A2506A22}.Ad-Hoc|iPhoneSimulator.ActiveCfg = Release|Any CPU
		{222CC8BF-6CEA-45C5-8005-3F33A2506A22}.Ad-Hoc|Mixed Platforms.ActiveCfg = Release|Any CPU
		{222CC8BF-6CEA-45C5-8005-3F33A2506A22}.Ad-Hoc|Mixed Platforms.Build.0 = Release|Any CPU
		{222CC8BF-6CEA-45C5-8005-3F33A2506A22}.Ad-Hoc|x64.ActiveCfg = Debug|Any CPU
		{222CC8BF-6CEA-45C5-8005-3F33A2506A22}.Ad-Hoc|x86.ActiveCfg = Release|Any CPU
		{222CC8BF-6CEA-45C5-8005-3F33A2506A22}.AppStore|Any CPU.ActiveCfg = Release|Any CPU
		{222CC8BF-6CEA-45C5-8005-3F33A2506A22}.AppStore|Any CPU.Build.0 = Release|Any CPU
		{222CC8BF-6CEA-45C5-8005-3F33A2506A22}.AppStore|ARM.ActiveCfg = Release|Any CPU
		{222CC8BF-6CEA-45C5-8005-3F33A2506A22}.AppStore|iPhone.ActiveCfg = Release|Any CPU
		{222CC8BF-6CEA-45C5-8005-3F33A2506A22}.AppStore|iPhoneSimulator.ActiveCfg = Release|Any CPU
		{222CC8BF-6CEA-45C5-8005-3F33A2506A22}.AppStore|Mixed Platforms.ActiveCfg = Release|Any CPU
		{222CC8BF-6CEA-45C5-8005-3F33A2506A22}.AppStore|Mixed Platforms.Build.0 = Release|Any CPU
		{222CC8BF-6CEA-45C5-8005-3F33A2506A22}.AppStore|x64.ActiveCfg = Debug|Any CPU
		{222CC8BF-6CEA-45C5-8005-3F33A2506A22}.AppStore|x86.ActiveCfg = Release|Any CPU
		{222CC8BF-6CEA-45C5-8005-3F33A2506A22}.Debug|Any CPU.ActiveCfg = Debug|Any CPU
		{222CC8BF-6CEA-45C5-8005-3F33A2506A22}.Debug|Any CPU.Build.0 = Debug|Any CPU
		{222CC8BF-6CEA-45C5-8005-3F33A2506A22}.Debug|ARM.ActiveCfg = Debug|Any CPU
		{222CC8BF-6CEA-45C5-8005-3F33A2506A22}.Debug|iPhone.ActiveCfg = Debug|Any CPU
		{222CC8BF-6CEA-45C5-8005-3F33A2506A22}.Debug|iPhoneSimulator.ActiveCfg = Debug|Any CPU
		{222CC8BF-6CEA-45C5-8005-3F33A2506A22}.Debug|Mixed Platforms.ActiveCfg = Debug|Any CPU
		{222CC8BF-6CEA-45C5-8005-3F33A2506A22}.Debug|Mixed Platforms.Build.0 = Debug|Any CPU
		{222CC8BF-6CEA-45C5-8005-3F33A2506A22}.Debug|x64.ActiveCfg = Debug|Any CPU
		{222CC8BF-6CEA-45C5-8005-3F33A2506A22}.Debug|x86.ActiveCfg = Debug|Any CPU
		{222CC8BF-6CEA-45C5-8005-3F33A2506A22}.Release|Any CPU.ActiveCfg = Release|Any CPU
		{222CC8BF-6CEA-45C5-8005-3F33A2506A22}.Release|Any CPU.Build.0 = Release|Any CPU
		{222CC8BF-6CEA-45C5-8005-3F33A2506A22}.Release|ARM.ActiveCfg = Release|Any CPU
		{222CC8BF-6CEA-45C5-8005-3F33A2506A22}.Release|iPhone.ActiveCfg = Release|Any CPU
		{222CC8BF-6CEA-45C5-8005-3F33A2506A22}.Release|iPhoneSimulator.ActiveCfg = Release|Any CPU
		{222CC8BF-6CEA-45C5-8005-3F33A2506A22}.Release|Mixed Platforms.ActiveCfg = Release|Any CPU
		{222CC8BF-6CEA-45C5-8005-3F33A2506A22}.Release|Mixed Platforms.Build.0 = Release|Any CPU
		{222CC8BF-6CEA-45C5-8005-3F33A2506A22}.Release|x64.ActiveCfg = Release|Any CPU
		{222CC8BF-6CEA-45C5-8005-3F33A2506A22}.Release|x86.ActiveCfg = Release|Any CPU
		{7AF367C6-688E-47CF-9CE9-0D44B748C054}.Ad-Hoc|Any CPU.ActiveCfg = Ad-Hoc|iPhone
		{7AF367C6-688E-47CF-9CE9-0D44B748C054}.Ad-Hoc|ARM.ActiveCfg = Ad-Hoc|iPhone
		{7AF367C6-688E-47CF-9CE9-0D44B748C054}.Ad-Hoc|iPhone.ActiveCfg = Ad-Hoc|iPhone
		{7AF367C6-688E-47CF-9CE9-0D44B748C054}.Ad-Hoc|iPhone.Build.0 = Ad-Hoc|iPhone
		{7AF367C6-688E-47CF-9CE9-0D44B748C054}.Ad-Hoc|iPhoneSimulator.ActiveCfg = Ad-Hoc|iPhoneSimulator
		{7AF367C6-688E-47CF-9CE9-0D44B748C054}.Ad-Hoc|iPhoneSimulator.Build.0 = Ad-Hoc|iPhoneSimulator
		{7AF367C6-688E-47CF-9CE9-0D44B748C054}.Ad-Hoc|Mixed Platforms.ActiveCfg = Ad-Hoc|iPhone
		{7AF367C6-688E-47CF-9CE9-0D44B748C054}.Ad-Hoc|Mixed Platforms.Build.0 = Ad-Hoc|iPhone
		{7AF367C6-688E-47CF-9CE9-0D44B748C054}.Ad-Hoc|x64.ActiveCfg = Ad-Hoc|iPhoneSimulator
		{7AF367C6-688E-47CF-9CE9-0D44B748C054}.Ad-Hoc|x86.ActiveCfg = Ad-Hoc|iPhone
		{7AF367C6-688E-47CF-9CE9-0D44B748C054}.AppStore|Any CPU.ActiveCfg = AppStore|iPhone
		{7AF367C6-688E-47CF-9CE9-0D44B748C054}.AppStore|ARM.ActiveCfg = AppStore|iPhone
		{7AF367C6-688E-47CF-9CE9-0D44B748C054}.AppStore|iPhone.ActiveCfg = AppStore|iPhone
		{7AF367C6-688E-47CF-9CE9-0D44B748C054}.AppStore|iPhone.Build.0 = AppStore|iPhone
		{7AF367C6-688E-47CF-9CE9-0D44B748C054}.AppStore|iPhoneSimulator.ActiveCfg = AppStore|iPhoneSimulator
		{7AF367C6-688E-47CF-9CE9-0D44B748C054}.AppStore|iPhoneSimulator.Build.0 = AppStore|iPhoneSimulator
		{7AF367C6-688E-47CF-9CE9-0D44B748C054}.AppStore|Mixed Platforms.ActiveCfg = AppStore|iPhone
		{7AF367C6-688E-47CF-9CE9-0D44B748C054}.AppStore|Mixed Platforms.Build.0 = AppStore|iPhone
		{7AF367C6-688E-47CF-9CE9-0D44B748C054}.AppStore|x64.ActiveCfg = AppStore|iPhoneSimulator
		{7AF367C6-688E-47CF-9CE9-0D44B748C054}.AppStore|x86.ActiveCfg = AppStore|iPhone
		{7AF367C6-688E-47CF-9CE9-0D44B748C054}.Debug|Any CPU.ActiveCfg = Debug|iPhone
		{7AF367C6-688E-47CF-9CE9-0D44B748C054}.Debug|ARM.ActiveCfg = Debug|iPhone
		{7AF367C6-688E-47CF-9CE9-0D44B748C054}.Debug|iPhone.ActiveCfg = Debug|iPhone
		{7AF367C6-688E-47CF-9CE9-0D44B748C054}.Debug|iPhone.Build.0 = Debug|iPhone
		{7AF367C6-688E-47CF-9CE9-0D44B748C054}.Debug|iPhoneSimulator.ActiveCfg = Debug|iPhoneSimulator
		{7AF367C6-688E-47CF-9CE9-0D44B748C054}.Debug|iPhoneSimulator.Build.0 = Debug|iPhoneSimulator
		{7AF367C6-688E-47CF-9CE9-0D44B748C054}.Debug|Mixed Platforms.ActiveCfg = Debug|iPhone
		{7AF367C6-688E-47CF-9CE9-0D44B748C054}.Debug|Mixed Platforms.Build.0 = Debug|iPhone
		{7AF367C6-688E-47CF-9CE9-0D44B748C054}.Debug|x64.ActiveCfg = Debug|iPhoneSimulator
		{7AF367C6-688E-47CF-9CE9-0D44B748C054}.Debug|x86.ActiveCfg = Debug|iPhone
		{7AF367C6-688E-47CF-9CE9-0D44B748C054}.Release|Any CPU.ActiveCfg = Release|iPhone
		{7AF367C6-688E-47CF-9CE9-0D44B748C054}.Release|ARM.ActiveCfg = Release|iPhone
		{7AF367C6-688E-47CF-9CE9-0D44B748C054}.Release|iPhone.ActiveCfg = Release|iPhone
		{7AF367C6-688E-47CF-9CE9-0D44B748C054}.Release|iPhone.Build.0 = Release|iPhone
		{7AF367C6-688E-47CF-9CE9-0D44B748C054}.Release|iPhoneSimulator.ActiveCfg = Release|iPhoneSimulator
		{7AF367C6-688E-47CF-9CE9-0D44B748C054}.Release|iPhoneSimulator.Build.0 = Release|iPhoneSimulator
		{7AF367C6-688E-47CF-9CE9-0D44B748C054}.Release|Mixed Platforms.ActiveCfg = Release|iPhone
		{7AF367C6-688E-47CF-9CE9-0D44B748C054}.Release|Mixed Platforms.Build.0 = Release|iPhone
		{7AF367C6-688E-47CF-9CE9-0D44B748C054}.Release|x64.ActiveCfg = Release|iPhoneSimulator
		{7AF367C6-688E-47CF-9CE9-0D44B748C054}.Release|x86.ActiveCfg = Release|iPhone
		{39A1620B-E2ED-4F7E-8883-E54273035214}.Ad-Hoc|Any CPU.ActiveCfg = Release|Any CPU
		{39A1620B-E2ED-4F7E-8883-E54273035214}.Ad-Hoc|Any CPU.Build.0 = Release|Any CPU
		{39A1620B-E2ED-4F7E-8883-E54273035214}.Ad-Hoc|Any CPU.Deploy.0 = Release|Any CPU
		{39A1620B-E2ED-4F7E-8883-E54273035214}.Ad-Hoc|ARM.ActiveCfg = Release|Any CPU
		{39A1620B-E2ED-4F7E-8883-E54273035214}.Ad-Hoc|iPhone.ActiveCfg = Release|Any CPU
		{39A1620B-E2ED-4F7E-8883-E54273035214}.Ad-Hoc|iPhoneSimulator.ActiveCfg = Release|Any CPU
		{39A1620B-E2ED-4F7E-8883-E54273035214}.Ad-Hoc|Mixed Platforms.ActiveCfg = Release|Any CPU
		{39A1620B-E2ED-4F7E-8883-E54273035214}.Ad-Hoc|Mixed Platforms.Build.0 = Release|Any CPU
		{39A1620B-E2ED-4F7E-8883-E54273035214}.Ad-Hoc|Mixed Platforms.Deploy.0 = Release|Any CPU
		{39A1620B-E2ED-4F7E-8883-E54273035214}.Ad-Hoc|x64.ActiveCfg = Debug|Any CPU
		{39A1620B-E2ED-4F7E-8883-E54273035214}.Ad-Hoc|x86.ActiveCfg = Release|Any CPU
		{39A1620B-E2ED-4F7E-8883-E54273035214}.AppStore|Any CPU.ActiveCfg = Release|Any CPU
		{39A1620B-E2ED-4F7E-8883-E54273035214}.AppStore|Any CPU.Build.0 = Release|Any CPU
		{39A1620B-E2ED-4F7E-8883-E54273035214}.AppStore|Any CPU.Deploy.0 = Release|Any CPU
		{39A1620B-E2ED-4F7E-8883-E54273035214}.AppStore|ARM.ActiveCfg = Release|Any CPU
		{39A1620B-E2ED-4F7E-8883-E54273035214}.AppStore|iPhone.ActiveCfg = Release|Any CPU
		{39A1620B-E2ED-4F7E-8883-E54273035214}.AppStore|iPhoneSimulator.ActiveCfg = Release|Any CPU
		{39A1620B-E2ED-4F7E-8883-E54273035214}.AppStore|Mixed Platforms.ActiveCfg = Release|Any CPU
		{39A1620B-E2ED-4F7E-8883-E54273035214}.AppStore|Mixed Platforms.Build.0 = Release|Any CPU
		{39A1620B-E2ED-4F7E-8883-E54273035214}.AppStore|Mixed Platforms.Deploy.0 = Release|Any CPU
		{39A1620B-E2ED-4F7E-8883-E54273035214}.AppStore|x64.ActiveCfg = Debug|Any CPU
		{39A1620B-E2ED-4F7E-8883-E54273035214}.AppStore|x86.ActiveCfg = Release|Any CPU
		{39A1620B-E2ED-4F7E-8883-E54273035214}.Debug|Any CPU.ActiveCfg = Debug|Any CPU
		{39A1620B-E2ED-4F7E-8883-E54273035214}.Debug|Any CPU.Build.0 = Debug|Any CPU
		{39A1620B-E2ED-4F7E-8883-E54273035214}.Debug|Any CPU.Deploy.0 = Debug|Any CPU
		{39A1620B-E2ED-4F7E-8883-E54273035214}.Debug|ARM.ActiveCfg = Debug|Any CPU
		{39A1620B-E2ED-4F7E-8883-E54273035214}.Debug|iPhone.ActiveCfg = Debug|Any CPU
		{39A1620B-E2ED-4F7E-8883-E54273035214}.Debug|iPhoneSimulator.ActiveCfg = Debug|Any CPU
		{39A1620B-E2ED-4F7E-8883-E54273035214}.Debug|Mixed Platforms.ActiveCfg = Debug|Any CPU
		{39A1620B-E2ED-4F7E-8883-E54273035214}.Debug|Mixed Platforms.Build.0 = Debug|Any CPU
		{39A1620B-E2ED-4F7E-8883-E54273035214}.Debug|Mixed Platforms.Deploy.0 = Debug|Any CPU
		{39A1620B-E2ED-4F7E-8883-E54273035214}.Debug|x64.ActiveCfg = Debug|Any CPU
		{39A1620B-E2ED-4F7E-8883-E54273035214}.Debug|x86.ActiveCfg = Debug|Any CPU
		{39A1620B-E2ED-4F7E-8883-E54273035214}.Release|Any CPU.ActiveCfg = Release|Any CPU
		{39A1620B-E2ED-4F7E-8883-E54273035214}.Release|Any CPU.Build.0 = Release|Any CPU
		{39A1620B-E2ED-4F7E-8883-E54273035214}.Release|Any CPU.Deploy.0 = Release|Any CPU
		{39A1620B-E2ED-4F7E-8883-E54273035214}.Release|ARM.ActiveCfg = Release|Any CPU
		{39A1620B-E2ED-4F7E-8883-E54273035214}.Release|iPhone.ActiveCfg = Release|Any CPU
		{39A1620B-E2ED-4F7E-8883-E54273035214}.Release|iPhoneSimulator.ActiveCfg = Release|Any CPU
		{39A1620B-E2ED-4F7E-8883-E54273035214}.Release|Mixed Platforms.ActiveCfg = Release|Any CPU
		{39A1620B-E2ED-4F7E-8883-E54273035214}.Release|Mixed Platforms.Build.0 = Release|Any CPU
		{39A1620B-E2ED-4F7E-8883-E54273035214}.Release|Mixed Platforms.Deploy.0 = Release|Any CPU
		{39A1620B-E2ED-4F7E-8883-E54273035214}.Release|x64.ActiveCfg = Release|Any CPU
		{39A1620B-E2ED-4F7E-8883-E54273035214}.Release|x86.ActiveCfg = Release|Any CPU
		{4FBB9965-BAEE-48FA-AB20-6DE533355651}.Ad-Hoc|Any CPU.ActiveCfg = Release|Any CPU
		{4FBB9965-BAEE-48FA-AB20-6DE533355651}.Ad-Hoc|Any CPU.Build.0 = Release|Any CPU
		{4FBB9965-BAEE-48FA-AB20-6DE533355651}.Ad-Hoc|Any CPU.Deploy.0 = Release|Any CPU
		{4FBB9965-BAEE-48FA-AB20-6DE533355651}.Ad-Hoc|ARM.ActiveCfg = Release|ARM
		{4FBB9965-BAEE-48FA-AB20-6DE533355651}.Ad-Hoc|ARM.Build.0 = Release|ARM
		{4FBB9965-BAEE-48FA-AB20-6DE533355651}.Ad-Hoc|ARM.Deploy.0 = Release|ARM
		{4FBB9965-BAEE-48FA-AB20-6DE533355651}.Ad-Hoc|iPhone.ActiveCfg = Release|Any CPU
		{4FBB9965-BAEE-48FA-AB20-6DE533355651}.Ad-Hoc|iPhoneSimulator.ActiveCfg = Release|Any CPU
		{4FBB9965-BAEE-48FA-AB20-6DE533355651}.Ad-Hoc|Mixed Platforms.ActiveCfg = Release|x86
		{4FBB9965-BAEE-48FA-AB20-6DE533355651}.Ad-Hoc|Mixed Platforms.Build.0 = Release|x86
		{4FBB9965-BAEE-48FA-AB20-6DE533355651}.Ad-Hoc|Mixed Platforms.Deploy.0 = Release|x86
		{4FBB9965-BAEE-48FA-AB20-6DE533355651}.Ad-Hoc|x64.ActiveCfg = Debug|Any CPU
		{4FBB9965-BAEE-48FA-AB20-6DE533355651}.Ad-Hoc|x86.ActiveCfg = Release|x86
		{4FBB9965-BAEE-48FA-AB20-6DE533355651}.Ad-Hoc|x86.Build.0 = Release|x86
		{4FBB9965-BAEE-48FA-AB20-6DE533355651}.Ad-Hoc|x86.Deploy.0 = Release|x86
		{4FBB9965-BAEE-48FA-AB20-6DE533355651}.AppStore|Any CPU.ActiveCfg = Release|Any CPU
		{4FBB9965-BAEE-48FA-AB20-6DE533355651}.AppStore|Any CPU.Build.0 = Release|Any CPU
		{4FBB9965-BAEE-48FA-AB20-6DE533355651}.AppStore|Any CPU.Deploy.0 = Release|Any CPU
		{4FBB9965-BAEE-48FA-AB20-6DE533355651}.AppStore|ARM.ActiveCfg = Release|ARM
		{4FBB9965-BAEE-48FA-AB20-6DE533355651}.AppStore|ARM.Build.0 = Release|ARM
		{4FBB9965-BAEE-48FA-AB20-6DE533355651}.AppStore|ARM.Deploy.0 = Release|ARM
		{4FBB9965-BAEE-48FA-AB20-6DE533355651}.AppStore|iPhone.ActiveCfg = Release|Any CPU
		{4FBB9965-BAEE-48FA-AB20-6DE533355651}.AppStore|iPhoneSimulator.ActiveCfg = Release|Any CPU
		{4FBB9965-BAEE-48FA-AB20-6DE533355651}.AppStore|Mixed Platforms.ActiveCfg = Release|x86
		{4FBB9965-BAEE-48FA-AB20-6DE533355651}.AppStore|Mixed Platforms.Build.0 = Release|x86
		{4FBB9965-BAEE-48FA-AB20-6DE533355651}.AppStore|Mixed Platforms.Deploy.0 = Release|x86
		{4FBB9965-BAEE-48FA-AB20-6DE533355651}.AppStore|x64.ActiveCfg = Debug|Any CPU
		{4FBB9965-BAEE-48FA-AB20-6DE533355651}.AppStore|x86.ActiveCfg = Release|x86
		{4FBB9965-BAEE-48FA-AB20-6DE533355651}.AppStore|x86.Build.0 = Release|x86
		{4FBB9965-BAEE-48FA-AB20-6DE533355651}.AppStore|x86.Deploy.0 = Release|x86
		{4FBB9965-BAEE-48FA-AB20-6DE533355651}.Debug|Any CPU.ActiveCfg = Debug|Any CPU
		{4FBB9965-BAEE-48FA-AB20-6DE533355651}.Debug|Any CPU.Build.0 = Debug|Any CPU
		{4FBB9965-BAEE-48FA-AB20-6DE533355651}.Debug|Any CPU.Deploy.0 = Debug|Any CPU
		{4FBB9965-BAEE-48FA-AB20-6DE533355651}.Debug|ARM.ActiveCfg = Debug|ARM
		{4FBB9965-BAEE-48FA-AB20-6DE533355651}.Debug|ARM.Build.0 = Debug|ARM
		{4FBB9965-BAEE-48FA-AB20-6DE533355651}.Debug|ARM.Deploy.0 = Debug|ARM
		{4FBB9965-BAEE-48FA-AB20-6DE533355651}.Debug|iPhone.ActiveCfg = Debug|Any CPU
		{4FBB9965-BAEE-48FA-AB20-6DE533355651}.Debug|iPhoneSimulator.ActiveCfg = Debug|Any CPU
		{4FBB9965-BAEE-48FA-AB20-6DE533355651}.Debug|Mixed Platforms.ActiveCfg = Debug|x86
		{4FBB9965-BAEE-48FA-AB20-6DE533355651}.Debug|Mixed Platforms.Build.0 = Debug|x86
		{4FBB9965-BAEE-48FA-AB20-6DE533355651}.Debug|Mixed Platforms.Deploy.0 = Debug|x86
		{4FBB9965-BAEE-48FA-AB20-6DE533355651}.Debug|x64.ActiveCfg = Debug|Any CPU
		{4FBB9965-BAEE-48FA-AB20-6DE533355651}.Debug|x86.ActiveCfg = Debug|x86
		{4FBB9965-BAEE-48FA-AB20-6DE533355651}.Debug|x86.Build.0 = Debug|x86
		{4FBB9965-BAEE-48FA-AB20-6DE533355651}.Debug|x86.Deploy.0 = Debug|x86
		{4FBB9965-BAEE-48FA-AB20-6DE533355651}.Release|Any CPU.ActiveCfg = Release|Any CPU
		{4FBB9965-BAEE-48FA-AB20-6DE533355651}.Release|Any CPU.Build.0 = Release|Any CPU
		{4FBB9965-BAEE-48FA-AB20-6DE533355651}.Release|Any CPU.Deploy.0 = Release|Any CPU
		{4FBB9965-BAEE-48FA-AB20-6DE533355651}.Release|ARM.ActiveCfg = Release|ARM
		{4FBB9965-BAEE-48FA-AB20-6DE533355651}.Release|ARM.Build.0 = Release|ARM
		{4FBB9965-BAEE-48FA-AB20-6DE533355651}.Release|ARM.Deploy.0 = Release|ARM
		{4FBB9965-BAEE-48FA-AB20-6DE533355651}.Release|iPhone.ActiveCfg = Release|Any CPU
		{4FBB9965-BAEE-48FA-AB20-6DE533355651}.Release|iPhoneSimulator.ActiveCfg = Release|Any CPU
		{4FBB9965-BAEE-48FA-AB20-6DE533355651}.Release|Mixed Platforms.ActiveCfg = Release|x86
		{4FBB9965-BAEE-48FA-AB20-6DE533355651}.Release|Mixed Platforms.Build.0 = Release|x86
		{4FBB9965-BAEE-48FA-AB20-6DE533355651}.Release|Mixed Platforms.Deploy.0 = Release|x86
		{4FBB9965-BAEE-48FA-AB20-6DE533355651}.Release|x64.ActiveCfg = Release|Any CPU
		{4FBB9965-BAEE-48FA-AB20-6DE533355651}.Release|x86.ActiveCfg = Release|x86
		{4FBB9965-BAEE-48FA-AB20-6DE533355651}.Release|x86.Build.0 = Release|x86
		{4FBB9965-BAEE-48FA-AB20-6DE533355651}.Release|x86.Deploy.0 = Release|x86
		{D9DFA702-7E07-4B1E-9178-EFCBC2C833F0}.Ad-Hoc|Any CPU.ActiveCfg = Release|Any CPU
		{D9DFA702-7E07-4B1E-9178-EFCBC2C833F0}.Ad-Hoc|Any CPU.Build.0 = Release|Any CPU
		{D9DFA702-7E07-4B1E-9178-EFCBC2C833F0}.Ad-Hoc|Any CPU.Deploy.0 = Release|Any CPU
		{D9DFA702-7E07-4B1E-9178-EFCBC2C833F0}.Ad-Hoc|ARM.ActiveCfg = Release|ARM
		{D9DFA702-7E07-4B1E-9178-EFCBC2C833F0}.Ad-Hoc|ARM.Build.0 = Release|ARM
		{D9DFA702-7E07-4B1E-9178-EFCBC2C833F0}.Ad-Hoc|ARM.Deploy.0 = Release|ARM
		{D9DFA702-7E07-4B1E-9178-EFCBC2C833F0}.Ad-Hoc|iPhone.ActiveCfg = Release|Any CPU
		{D9DFA702-7E07-4B1E-9178-EFCBC2C833F0}.Ad-Hoc|iPhoneSimulator.ActiveCfg = Release|Any CPU
		{D9DFA702-7E07-4B1E-9178-EFCBC2C833F0}.Ad-Hoc|Mixed Platforms.ActiveCfg = Release|x86
		{D9DFA702-7E07-4B1E-9178-EFCBC2C833F0}.Ad-Hoc|Mixed Platforms.Build.0 = Release|x86
		{D9DFA702-7E07-4B1E-9178-EFCBC2C833F0}.Ad-Hoc|Mixed Platforms.Deploy.0 = Release|x86
		{D9DFA702-7E07-4B1E-9178-EFCBC2C833F0}.Ad-Hoc|x64.ActiveCfg = Release|x64
		{D9DFA702-7E07-4B1E-9178-EFCBC2C833F0}.Ad-Hoc|x64.Build.0 = Release|x64
		{D9DFA702-7E07-4B1E-9178-EFCBC2C833F0}.Ad-Hoc|x64.Deploy.0 = Release|x64
		{D9DFA702-7E07-4B1E-9178-EFCBC2C833F0}.Ad-Hoc|x86.ActiveCfg = Release|x86
		{D9DFA702-7E07-4B1E-9178-EFCBC2C833F0}.Ad-Hoc|x86.Build.0 = Release|x86
		{D9DFA702-7E07-4B1E-9178-EFCBC2C833F0}.Ad-Hoc|x86.Deploy.0 = Release|x86
		{D9DFA702-7E07-4B1E-9178-EFCBC2C833F0}.AppStore|Any CPU.ActiveCfg = Release|Any CPU
		{D9DFA702-7E07-4B1E-9178-EFCBC2C833F0}.AppStore|Any CPU.Build.0 = Release|Any CPU
		{D9DFA702-7E07-4B1E-9178-EFCBC2C833F0}.AppStore|Any CPU.Deploy.0 = Release|Any CPU
		{D9DFA702-7E07-4B1E-9178-EFCBC2C833F0}.AppStore|ARM.ActiveCfg = Release|ARM
		{D9DFA702-7E07-4B1E-9178-EFCBC2C833F0}.AppStore|ARM.Build.0 = Release|ARM
		{D9DFA702-7E07-4B1E-9178-EFCBC2C833F0}.AppStore|ARM.Deploy.0 = Release|ARM
		{D9DFA702-7E07-4B1E-9178-EFCBC2C833F0}.AppStore|iPhone.ActiveCfg = Release|Any CPU
		{D9DFA702-7E07-4B1E-9178-EFCBC2C833F0}.AppStore|iPhoneSimulator.ActiveCfg = Release|Any CPU
		{D9DFA702-7E07-4B1E-9178-EFCBC2C833F0}.AppStore|Mixed Platforms.ActiveCfg = Release|x86
		{D9DFA702-7E07-4B1E-9178-EFCBC2C833F0}.AppStore|Mixed Platforms.Build.0 = Release|x86
		{D9DFA702-7E07-4B1E-9178-EFCBC2C833F0}.AppStore|Mixed Platforms.Deploy.0 = Release|x86
		{D9DFA702-7E07-4B1E-9178-EFCBC2C833F0}.AppStore|x64.ActiveCfg = Release|x64
		{D9DFA702-7E07-4B1E-9178-EFCBC2C833F0}.AppStore|x64.Build.0 = Release|x64
		{D9DFA702-7E07-4B1E-9178-EFCBC2C833F0}.AppStore|x64.Deploy.0 = Release|x64
		{D9DFA702-7E07-4B1E-9178-EFCBC2C833F0}.AppStore|x86.ActiveCfg = Release|x86
		{D9DFA702-7E07-4B1E-9178-EFCBC2C833F0}.AppStore|x86.Build.0 = Release|x86
		{D9DFA702-7E07-4B1E-9178-EFCBC2C833F0}.AppStore|x86.Deploy.0 = Release|x86
		{D9DFA702-7E07-4B1E-9178-EFCBC2C833F0}.Debug|Any CPU.ActiveCfg = Debug|Any CPU
		{D9DFA702-7E07-4B1E-9178-EFCBC2C833F0}.Debug|Any CPU.Build.0 = Debug|Any CPU
		{D9DFA702-7E07-4B1E-9178-EFCBC2C833F0}.Debug|Any CPU.Deploy.0 = Debug|Any CPU
		{D9DFA702-7E07-4B1E-9178-EFCBC2C833F0}.Debug|ARM.ActiveCfg = Debug|ARM
		{D9DFA702-7E07-4B1E-9178-EFCBC2C833F0}.Debug|ARM.Build.0 = Debug|ARM
		{D9DFA702-7E07-4B1E-9178-EFCBC2C833F0}.Debug|ARM.Deploy.0 = Debug|ARM
		{D9DFA702-7E07-4B1E-9178-EFCBC2C833F0}.Debug|iPhone.ActiveCfg = Debug|Any CPU
		{D9DFA702-7E07-4B1E-9178-EFCBC2C833F0}.Debug|iPhoneSimulator.ActiveCfg = Debug|Any CPU
		{D9DFA702-7E07-4B1E-9178-EFCBC2C833F0}.Debug|Mixed Platforms.ActiveCfg = Debug|x86
		{D9DFA702-7E07-4B1E-9178-EFCBC2C833F0}.Debug|Mixed Platforms.Build.0 = Debug|x86
		{D9DFA702-7E07-4B1E-9178-EFCBC2C833F0}.Debug|Mixed Platforms.Deploy.0 = Debug|x86
		{D9DFA702-7E07-4B1E-9178-EFCBC2C833F0}.Debug|x64.ActiveCfg = Debug|x64
		{D9DFA702-7E07-4B1E-9178-EFCBC2C833F0}.Debug|x64.Build.0 = Debug|x64
		{D9DFA702-7E07-4B1E-9178-EFCBC2C833F0}.Debug|x64.Deploy.0 = Debug|x64
		{D9DFA702-7E07-4B1E-9178-EFCBC2C833F0}.Debug|x86.ActiveCfg = Debug|x86
		{D9DFA702-7E07-4B1E-9178-EFCBC2C833F0}.Debug|x86.Build.0 = Debug|x86
		{D9DFA702-7E07-4B1E-9178-EFCBC2C833F0}.Debug|x86.Deploy.0 = Debug|x86
		{D9DFA702-7E07-4B1E-9178-EFCBC2C833F0}.Release|Any CPU.ActiveCfg = Release|Any CPU
		{D9DFA702-7E07-4B1E-9178-EFCBC2C833F0}.Release|Any CPU.Build.0 = Release|Any CPU
		{D9DFA702-7E07-4B1E-9178-EFCBC2C833F0}.Release|Any CPU.Deploy.0 = Release|Any CPU
		{D9DFA702-7E07-4B1E-9178-EFCBC2C833F0}.Release|ARM.ActiveCfg = Release|ARM
		{D9DFA702-7E07-4B1E-9178-EFCBC2C833F0}.Release|ARM.Build.0 = Release|ARM
		{D9DFA702-7E07-4B1E-9178-EFCBC2C833F0}.Release|ARM.Deploy.0 = Release|ARM
		{D9DFA702-7E07-4B1E-9178-EFCBC2C833F0}.Release|iPhone.ActiveCfg = Release|Any CPU
		{D9DFA702-7E07-4B1E-9178-EFCBC2C833F0}.Release|iPhoneSimulator.ActiveCfg = Release|Any CPU
		{D9DFA702-7E07-4B1E-9178-EFCBC2C833F0}.Release|Mixed Platforms.ActiveCfg = Release|x86
		{D9DFA702-7E07-4B1E-9178-EFCBC2C833F0}.Release|Mixed Platforms.Build.0 = Release|x86
		{D9DFA702-7E07-4B1E-9178-EFCBC2C833F0}.Release|Mixed Platforms.Deploy.0 = Release|x86
		{D9DFA702-7E07-4B1E-9178-EFCBC2C833F0}.Release|x64.ActiveCfg = Release|x64
		{D9DFA702-7E07-4B1E-9178-EFCBC2C833F0}.Release|x64.Build.0 = Release|x64
		{D9DFA702-7E07-4B1E-9178-EFCBC2C833F0}.Release|x64.Deploy.0 = Release|x64
		{D9DFA702-7E07-4B1E-9178-EFCBC2C833F0}.Release|x86.ActiveCfg = Release|x86
		{D9DFA702-7E07-4B1E-9178-EFCBC2C833F0}.Release|x86.Build.0 = Release|x86
		{D9DFA702-7E07-4B1E-9178-EFCBC2C833F0}.Release|x86.Deploy.0 = Release|x86
	EndGlobalSection
	GlobalSection(SolutionProperties) = preSolution
		HideSolutionNode = FALSE
	EndGlobalSection
EndGlobal
